// !$*UTF8*$!
{
	archiveVersion = 1;
	classes = {
	};
	objectVersion = 56;
	objects = {

/* Begin PBXBuildFile section */
		3A0F42A028C8D3AD002F1CAD /* UIView+Utils.swift in Sources */ = {isa = PBXBuildFile; fileRef = 3A0F429F28C8D3AD002F1CAD /* UIView+Utils.swift */; };
		3A0F42A428C982D8002F1CAD /* BottomMenuView.swift in Sources */ = {isa = PBXBuildFile; fileRef = 3A0F42A328C982D8002F1CAD /* BottomMenuView.swift */; };
		3A16865728E1FB49004090DA /* FilterModel.swift in Sources */ = {isa = PBXBuildFile; fileRef = 3A16865628E1FB49004090DA /* FilterModel.swift */; };
		3A17665928C9DAFF006DE579 /* ViewModel.swift in Sources */ = {isa = PBXBuildFile; fileRef = 3A17665828C9DAFF006DE579 /* ViewModel.swift */; };
		3A1CD19728F9710200AC5D1C /* AppDelegate.swift in Sources */ = {isa = PBXBuildFile; fileRef = 3ABA6C1628C6043F005AA8E4 /* AppDelegate.swift */; };
		3A1CD19828F9710E00AC5D1C /* GlobalConstants.swift in Sources */ = {isa = PBXBuildFile; fileRef = 3A9BC0D528E6CD4C0041DA1B /* GlobalConstants.swift */; };
		3A1CD19A28F971A800AC5D1C /* CoreData.swift in Sources */ = {isa = PBXBuildFile; fileRef = 3A1CD19928F971A800AC5D1C /* CoreData.swift */; };
		3A1CD19D28F9819300AC5D1C /* Constants.swift in Sources */ = {isa = PBXBuildFile; fileRef = 3A9BC0D928E6E1AE0041DA1B /* Constants.swift */; };
		3A1CD19E28F9819400AC5D1C /* Constants.swift in Sources */ = {isa = PBXBuildFile; fileRef = 3A9BC0D928E6E1AE0041DA1B /* Constants.swift */; };
		3A1CD1A128F9891C00AC5D1C /* CoreData.swift in Sources */ = {isa = PBXBuildFile; fileRef = 3A1CD19928F971A800AC5D1C /* CoreData.swift */; };
		3A1CD1A228F9891C00AC5D1C /* CoreData.swift in Sources */ = {isa = PBXBuildFile; fileRef = 3A1CD19928F971A800AC5D1C /* CoreData.swift */; };
		3A20983D28EBCF0F0032FD78 /* WidgetTestVC.swift in Sources */ = {isa = PBXBuildFile; fileRef = 3A20983C28EBCF0E0032FD78 /* WidgetTestVC.swift */; };
		3A20984428EBE3B50032FD78 /* WidgetIconCell.swift in Sources */ = {isa = PBXBuildFile; fileRef = 3A20984328EBE3B50032FD78 /* WidgetIconCell.swift */; };
		3A26150428CB7E2B000D17A3 /* TestEditImageViewController.swift in Sources */ = {isa = PBXBuildFile; fileRef = 3A26150328CB7E2B000D17A3 /* TestEditImageViewController.swift */; };
		3A2E21FB290F7BBE00E4F46A /* InfoWallpaperViewController.swift in Sources */ = {isa = PBXBuildFile; fileRef = 3A2E21FA290F7BBE00E4F46A /* InfoWallpaperViewController.swift */; };
		3A2E21FD290FF9F800E4F46A /* downArrow.json in Resources */ = {isa = PBXBuildFile; fileRef = 3A2E21FC290FF9F800E4F46A /* downArrow.json */; };
		3A2E2200290FFA2400E4F46A /* Lottie in Frameworks */ = {isa = PBXBuildFile; productRef = 3A2E21FF290FFA2400E4F46A /* Lottie */; };
		3A2F307728F4134D00404721 /* ImageWithTextButton.swift in Sources */ = {isa = PBXBuildFile; fileRef = 3A2F307628F4134D00404721 /* ImageWithTextButton.swift */; };
		3A2F307928F41F0E00404721 /* UIDevice+Utils.swift in Sources */ = {isa = PBXBuildFile; fileRef = 3A2F307828F41F0E00404721 /* UIDevice+Utils.swift */; };
		3A302066290E54F7006676BD /* MainPhotoViewController+Delegate.swift in Sources */ = {isa = PBXBuildFile; fileRef = 3A302065290E54F7006676BD /* MainPhotoViewController+Delegate.swift */; };
		3A35CD5D28F67D9400386011 /* ConnectingViewController.swift in Sources */ = {isa = PBXBuildFile; fileRef = 3A35CD5C28F67D9400386011 /* ConnectingViewController.swift */; };
		3A397CA428F80D6D006D5B18 /* CAGradientLayer+Apply.swift in Sources */ = {isa = PBXBuildFile; fileRef = 3A397CA328F80D6D006D5B18 /* CAGradientLayer+Apply.swift */; };
		3A3C118D28EDAEC600C9CCED /* LockScreenWidgetIntents.intentdefinition in Sources */ = {isa = PBXBuildFile; fileRef = 3A3C118C28EDAEC600C9CCED /* LockScreenWidgetIntents.intentdefinition */; settings = {ATTRIBUTES = (codegen, ); }; };
		3A3C118E28EDB1B700C9CCED /* LockScreenWidgetIntents.intentdefinition in Sources */ = {isa = PBXBuildFile; fileRef = 3A3C118C28EDAEC600C9CCED /* LockScreenWidgetIntents.intentdefinition */; settings = {ATTRIBUTES = (codegen, ); }; };
		3A3C119428EDB4B800C9CCED /* Intents.framework in Frameworks */ = {isa = PBXBuildFile; fileRef = 3A94E19D28EC1B950050EE80 /* Intents.framework */; };
		3A3C119728EDB4B800C9CCED /* IntentHandler.swift in Sources */ = {isa = PBXBuildFile; fileRef = 3A3C119628EDB4B800C9CCED /* IntentHandler.swift */; };
		3A3C119B28EDB4B800C9CCED /* LockScreenIntentsExtension.appex in Embed Foundation Extensions */ = {isa = PBXBuildFile; fileRef = 3A3C119328EDB4B800C9CCED /* LockScreenIntentsExtension.appex */; settings = {ATTRIBUTES = (RemoveHeadersOnCopy, ); }; };
		3A3C119F28EDB5B400C9CCED /* LockScreenWidgetIntents.intentdefinition in Sources */ = {isa = PBXBuildFile; fileRef = 3A3C118C28EDAEC600C9CCED /* LockScreenWidgetIntents.intentdefinition */; settings = {ATTRIBUTES = (codegen, ); }; };
		3A3C11A328EDC14700C9CCED /* WidgetModel.swift in Sources */ = {isa = PBXBuildFile; fileRef = 3A3C11A228EDC14700C9CCED /* WidgetModel.swift */; };
		3A3E519328F2F9380095007C /* FailLinkViewController.swift in Sources */ = {isa = PBXBuildFile; fileRef = 3A3E519228F2F9380095007C /* FailLinkViewController.swift */; };
		3A40E1AE28EED35D00A646FA /* Assets.xcassets in Resources */ = {isa = PBXBuildFile; fileRef = 3ABA6C2228C60440005AA8E4 /* Assets.xcassets */; };
		3A40E1AF28EED35E00A646FA /* Assets.xcassets in Resources */ = {isa = PBXBuildFile; fileRef = 3ABA6C2228C60440005AA8E4 /* Assets.xcassets */; };
		3A420D8E28E4669000C8426D /* PhotoViewController+RulerView.swift in Sources */ = {isa = PBXBuildFile; fileRef = 3A420D8D28E4669000C8426D /* PhotoViewController+RulerView.swift */; };
		3A42851128E9D7CE001C7032 /* ColorPickerView.swift in Sources */ = {isa = PBXBuildFile; fileRef = 3A42851028E9D7CE001C7032 /* ColorPickerView.swift */; };
		3A42851528EA7B8E001C7032 /* PhotoViewController+bgColorSliderView.swift in Sources */ = {isa = PBXBuildFile; fileRef = 3A42851428EA7B8E001C7032 /* PhotoViewController+bgColorSliderView.swift */; };
		3A51A10428F531E70027AD5A /* WidgetViewController.swift in Sources */ = {isa = PBXBuildFile; fileRef = 3A51A10328F531E70027AD5A /* WidgetViewController.swift */; };
		3A51A10728F5A1C70027AD5A /* TestViewController.swift in Sources */ = {isa = PBXBuildFile; fileRef = 3A51A10628F5A1C70027AD5A /* TestViewController.swift */; };
		3A559C7028EB1D4900D5D9E4 /* AppColors.swift in Sources */ = {isa = PBXBuildFile; fileRef = 3A559C6F28EB1D4900D5D9E4 /* AppColors.swift */; };
		3A559C7228EB21DB00D5D9E4 /* MenuAnimation.swift in Sources */ = {isa = PBXBuildFile; fileRef = 3A559C7128EB21DB00D5D9E4 /* MenuAnimation.swift */; };
		3A5E82B928C70A8E00C10AAC /* ImageEditModel.swift in Sources */ = {isa = PBXBuildFile; fileRef = 3A5E82B828C70A8E00C10AAC /* ImageEditModel.swift */; };
		3A76BEAA28F2EC6B00B9162C /* WidgetModel.swift in Sources */ = {isa = PBXBuildFile; fileRef = 3A3C11A228EDC14700C9CCED /* WidgetModel.swift */; };
		3A76BEAB28F2EC6C00B9162C /* WidgetModel.swift in Sources */ = {isa = PBXBuildFile; fileRef = 3A3C11A228EDC14700C9CCED /* WidgetModel.swift */; };
		3A82318F28C78F0700F958FE /* UIImage+Utils.swift in Sources */ = {isa = PBXBuildFile; fileRef = 3A82318E28C78F0700F958FE /* UIImage+Utils.swift */; };
		3A8E3A0428E3E6AA00390F8A /* RulerSlider.swift in Sources */ = {isa = PBXBuildFile; fileRef = 3A8E3A0328E3E6AA00390F8A /* RulerSlider.swift */; };
		3A8E3A0728E3E7B900390F8A /* RulerView in Frameworks */ = {isa = PBXBuildFile; productRef = 3A8E3A0628E3E7B900390F8A /* RulerView */; };
		3A9BC0CC28E6AEAD0041DA1B /* RulerSubview.swift in Sources */ = {isa = PBXBuildFile; fileRef = 3AA81CA728E457B6009EE95B /* RulerSubview.swift */; };
		3A9BC0D428E6CC720041DA1B /* AddWidgetViewController.swift in Sources */ = {isa = PBXBuildFile; fileRef = 3A9BC0D328E6CC720041DA1B /* AddWidgetViewController.swift */; };
		3A9BC0D628E6CD4C0041DA1B /* GlobalConstants.swift in Sources */ = {isa = PBXBuildFile; fileRef = 3A9BC0D528E6CD4C0041DA1B /* GlobalConstants.swift */; };
		3A9BC0DA28E6E1AE0041DA1B /* Constants.swift in Sources */ = {isa = PBXBuildFile; fileRef = 3A9BC0D928E6E1AE0041DA1B /* Constants.swift */; };
		3A9D3DC828FD36A60085676B /* UIImageColors in Frameworks */ = {isa = PBXBuildFile; productRef = 3A9D3DC728FD36A60085676B /* UIImageColors */; };
		3A9EABB228E57FF700ED2BF2 /* PhotoViewController+bgEditSubview.swift in Sources */ = {isa = PBXBuildFile; fileRef = 3A9EABB128E57FF700ED2BF2 /* PhotoViewController+bgEditSubview.swift */; };
		3A9EABB428E5C41800ED2BF2 /* PhotoViewController+Gesture.swift in Sources */ = {isa = PBXBuildFile; fileRef = 3A9EABB328E5C41800ED2BF2 /* PhotoViewController+Gesture.swift */; };
		3A9EABB628E5DA9300ED2BF2 /* UIColor+Utils.swift in Sources */ = {isa = PBXBuildFile; fileRef = 3A9EABB528E5DA9300ED2BF2 /* UIColor+Utils.swift */; };
		3AA33F0228CE339C004127ED /* RoundShadowView.swift in Sources */ = {isa = PBXBuildFile; fileRef = 3AA33F0128CE339C004127ED /* RoundShadowView.swift */; };
		3AA54F0228FE35CA008EF311 /* APIs.swift in Sources */ = {isa = PBXBuildFile; fileRef = 3AA54F0128FE35CA008EF311 /* APIs.swift */; };
		3ABA6C1728C6043F005AA8E4 /* AppDelegate.swift in Sources */ = {isa = PBXBuildFile; fileRef = 3ABA6C1628C6043F005AA8E4 /* AppDelegate.swift */; };
		3ABA6C1928C6043F005AA8E4 /* SceneDelegate.swift in Sources */ = {isa = PBXBuildFile; fileRef = 3ABA6C1828C6043F005AA8E4 /* SceneDelegate.swift */; };
		3ABA6C1B28C6043F005AA8E4 /* PhotoViewController.swift in Sources */ = {isa = PBXBuildFile; fileRef = 3ABA6C1A28C6043F005AA8E4 /* PhotoViewController.swift */; };
		3ABA6C2328C60440005AA8E4 /* Assets.xcassets in Resources */ = {isa = PBXBuildFile; fileRef = 3ABA6C2228C60440005AA8E4 /* Assets.xcassets */; };
		3ABA6C2628C60440005AA8E4 /* LaunchScreen.storyboard in Resources */ = {isa = PBXBuildFile; fileRef = 3ABA6C2428C60440005AA8E4 /* LaunchScreen.storyboard */; };
		3ABA6C3328C60A7F005AA8E4 /* RxCocoa in Frameworks */ = {isa = PBXBuildFile; productRef = 3ABA6C3228C60A7F005AA8E4 /* RxCocoa */; };
		3ABA6C3528C60A7F005AA8E4 /* RxSwift in Frameworks */ = {isa = PBXBuildFile; productRef = 3ABA6C3428C60A7F005AA8E4 /* RxSwift */; };
		3ABA6C3828C6361B005AA8E4 /* SnapKit in Frameworks */ = {isa = PBXBuildFile; productRef = 3ABA6C3728C6361B005AA8E4 /* SnapKit */; };
		3AC8E70328EA95F60086B8D4 /* ColorPallet.swift in Sources */ = {isa = PBXBuildFile; fileRef = 3AC8E70228EA95F60086B8D4 /* ColorPallet.swift */; };
		3ACD924228CDCADC00345E6C /* LoadingIndicatorGray.json in Resources */ = {isa = PBXBuildFile; fileRef = 3ACD924128CDCADB00345E6C /* LoadingIndicatorGray.json */; };
		3AD12D9428CD960E00CF431C /* ImageViewModel.swift in Sources */ = {isa = PBXBuildFile; fileRef = 3AD12D9328CD960E00CF431C /* ImageViewModel.swift */; };
		3AD12D9628CDA4C900CF431C /* MainPhotoViewController.swift in Sources */ = {isa = PBXBuildFile; fileRef = 3AD12D9528CDA4C900CF431C /* MainPhotoViewController.swift */; };
		3AD157862908E360001943CA /* MainContainerViewController.swift in Sources */ = {isa = PBXBuildFile; fileRef = 3AD157852908E360001943CA /* MainContainerViewController.swift */; };
		3ADDCD2928F458670033AA2C /* TextWidget.swift in Sources */ = {isa = PBXBuildFile; fileRef = 3ADDCD2728F455870033AA2C /* TextWidget.swift */; };
		3AE09A9928FC1B5B009530F9 /* BuiltInWidgetViewController.swift in Sources */ = {isa = PBXBuildFile; fileRef = 3AE09A9828FC1B5B009530F9 /* BuiltInWidgetViewController.swift */; };
		3AE09A9B28FC20BD009530F9 /* BuiltInAppCell.swift in Sources */ = {isa = PBXBuildFile; fileRef = 3AE09A9A28FC20BD009530F9 /* BuiltInAppCell.swift */; };
		3AE09A9D28FC3196009530F9 /* PlaceHolderCell.swift in Sources */ = {isa = PBXBuildFile; fileRef = 3AE09A9C28FC3196009530F9 /* PlaceHolderCell.swift */; };
		3AE0D3C128CE0D8800297F8F /* ButtonViewCell.swift in Sources */ = {isa = PBXBuildFile; fileRef = 3AE0D3C028CE0D8800297F8F /* ButtonViewCell.swift */; };
		3AE2551B290EA29D0045098E /* WallpaperCell.swift in Sources */ = {isa = PBXBuildFile; fileRef = 3AE2551A290EA29D0045098E /* WallpaperCell.swift */; };
		3AE2551D290EA2CF0045098E /* WallpaperCoreData.swift in Sources */ = {isa = PBXBuildFile; fileRef = 3AE2551C290EA2CF0045098E /* WallpaperCoreData.swift */; };
		3AE386F328FA83AF0001979A /* EditingWidgetViewController.swift in Sources */ = {isa = PBXBuildFile; fileRef = 3AE386F228FA83AF0001979A /* EditingWidgetViewController.swift */; };
		3AE386F528FA98AE0001979A /* CustomUIVisualEffectView.swift in Sources */ = {isa = PBXBuildFile; fileRef = 3AE386F428FA98AD0001979A /* CustomUIVisualEffectView.swift */; };
		3AE386F728FAC49F0001979A /* PhotoPickerViewController.swift in Sources */ = {isa = PBXBuildFile; fileRef = 3AE386F628FAC49F0001979A /* PhotoPickerViewController.swift */; };
		3AE9DC0D28F8F87B008A3316 /* BackgroundMaker.xcdatamodeld in Sources */ = {isa = PBXBuildFile; fileRef = 3AE9DC0B28F8F87B008A3316 /* BackgroundMaker.xcdatamodeld */; };
		3AE9DC0E28F8F890008A3316 /* BackgroundMaker.xcdatamodeld in Sources */ = {isa = PBXBuildFile; fileRef = 3AE9DC0B28F8F87B008A3316 /* BackgroundMaker.xcdatamodeld */; };
		3AE9DC0F28F8F891008A3316 /* BackgroundMaker.xcdatamodeld in Sources */ = {isa = PBXBuildFile; fileRef = 3AE9DC0B28F8F87B008A3316 /* BackgroundMaker.xcdatamodeld */; };
		3AE9DC3E28F936E3008A3316 /* WidgetViewController+CoreData.swift in Sources */ = {isa = PBXBuildFile; fileRef = 3AE9DC3D28F936E3008A3316 /* WidgetViewController+CoreData.swift */; };
		3AE9DC4028F95929008A3316 /* IconCollectionViewController.swift in Sources */ = {isa = PBXBuildFile; fileRef = 3AE9DC3F28F95929008A3316 /* IconCollectionViewController.swift */; };
		3AF9F00528ED570D00F685E6 /* WidgetKit.framework in Frameworks */ = {isa = PBXBuildFile; fileRef = 3AC3E1E828E690B800BFF455 /* WidgetKit.framework */; };
		3AF9F00628ED570D00F685E6 /* SwiftUI.framework in Frameworks */ = {isa = PBXBuildFile; fileRef = 3AC3E1EA28E690B800BFF455 /* SwiftUI.framework */; };
		3AF9F00928ED570D00F685E6 /* LockScreenWidget.swift in Sources */ = {isa = PBXBuildFile; fileRef = 3AF9F00828ED570D00F685E6 /* LockScreenWidget.swift */; };
		3AF9F00B28ED570E00F685E6 /* Assets.xcassets in Resources */ = {isa = PBXBuildFile; fileRef = 3AF9F00A28ED570E00F685E6 /* Assets.xcassets */; };
		3AF9F00F28ED570E00F685E6 /* LockScreenWidgetExtension.appex in Embed Foundation Extensions */ = {isa = PBXBuildFile; fileRef = 3AF9F00428ED570D00F685E6 /* LockScreenWidgetExtension.appex */; settings = {ATTRIBUTES = (RemoveHeadersOnCopy, ); }; };
		3AF9F01428ED843E00F685E6 /* AddWidgetViewController+WidgetKit.swift in Sources */ = {isa = PBXBuildFile; fileRef = 3AF9F01328ED843E00F685E6 /* AddWidgetViewController+WidgetKit.swift */; };
/* End PBXBuildFile section */

/* Begin PBXContainerItemProxy section */
		3A3C119928EDB4B800C9CCED /* PBXContainerItemProxy */ = {
			isa = PBXContainerItemProxy;
			containerPortal = 3ABA6C0B28C6043F005AA8E4 /* Project object */;
			proxyType = 1;
			remoteGlobalIDString = 3A3C119228EDB4B800C9CCED;
			remoteInfo = LockScreenIntentsExtension;
		};
		3AF9F00D28ED570E00F685E6 /* PBXContainerItemProxy */ = {
			isa = PBXContainerItemProxy;
			containerPortal = 3ABA6C0B28C6043F005AA8E4 /* Project object */;
			proxyType = 1;
			remoteGlobalIDString = 3AF9F00328ED570D00F685E6;
			remoteInfo = LockScreenWidgetExtension;
		};
/* End PBXContainerItemProxy section */

/* Begin PBXCopyFilesBuildPhase section */
		3AC3E1FB28E690BA00BFF455 /* Embed Foundation Extensions */ = {
			isa = PBXCopyFilesBuildPhase;
			buildActionMask = 2147483647;
			dstPath = "";
			dstSubfolderSpec = 13;
			files = (
				3A3C119B28EDB4B800C9CCED /* LockScreenIntentsExtension.appex in Embed Foundation Extensions */,
				3AF9F00F28ED570E00F685E6 /* LockScreenWidgetExtension.appex in Embed Foundation Extensions */,
			);
			name = "Embed Foundation Extensions";
			runOnlyForDeploymentPostprocessing = 0;
		};
/* End PBXCopyFilesBuildPhase section */

/* Begin PBXFileReference section */
		3A0F429F28C8D3AD002F1CAD /* UIView+Utils.swift */ = {isa = PBXFileReference; lastKnownFileType = sourcecode.swift; path = "UIView+Utils.swift"; sourceTree = "<group>"; };
		3A0F42A128C8DC19002F1CAD /* ko-KR */ = {isa = PBXFileReference; lastKnownFileType = text.plist.strings; name = "ko-KR"; path = "ko-KR.lproj/LaunchScreen.strings"; sourceTree = "<group>"; };
		3A0F42A328C982D8002F1CAD /* BottomMenuView.swift */ = {isa = PBXFileReference; lastKnownFileType = sourcecode.swift; path = BottomMenuView.swift; sourceTree = "<group>"; };
		3A16865628E1FB49004090DA /* FilterModel.swift */ = {isa = PBXFileReference; lastKnownFileType = sourcecode.swift; path = FilterModel.swift; sourceTree = "<group>"; };
		3A17665828C9DAFF006DE579 /* ViewModel.swift */ = {isa = PBXFileReference; lastKnownFileType = sourcecode.swift; path = ViewModel.swift; sourceTree = "<group>"; };
		3A1CD19928F971A800AC5D1C /* CoreData.swift */ = {isa = PBXFileReference; lastKnownFileType = sourcecode.swift; path = CoreData.swift; sourceTree = "<group>"; };
		3A20983C28EBCF0E0032FD78 /* WidgetTestVC.swift */ = {isa = PBXFileReference; lastKnownFileType = sourcecode.swift; path = WidgetTestVC.swift; sourceTree = "<group>"; };
		3A20984328EBE3B50032FD78 /* WidgetIconCell.swift */ = {isa = PBXFileReference; lastKnownFileType = sourcecode.swift; path = WidgetIconCell.swift; sourceTree = "<group>"; };
		3A26150328CB7E2B000D17A3 /* TestEditImageViewController.swift */ = {isa = PBXFileReference; lastKnownFileType = sourcecode.swift; path = TestEditImageViewController.swift; sourceTree = "<group>"; };
		3A2E21FA290F7BBE00E4F46A /* InfoWallpaperViewController.swift */ = {isa = PBXFileReference; lastKnownFileType = sourcecode.swift; path = InfoWallpaperViewController.swift; sourceTree = "<group>"; };
		3A2E21FC290FF9F800E4F46A /* downArrow.json */ = {isa = PBXFileReference; fileEncoding = 4; lastKnownFileType = text.json; path = downArrow.json; sourceTree = "<group>"; };
		3A2F307628F4134D00404721 /* ImageWithTextButton.swift */ = {isa = PBXFileReference; lastKnownFileType = sourcecode.swift; path = ImageWithTextButton.swift; sourceTree = "<group>"; };
		3A2F307828F41F0E00404721 /* UIDevice+Utils.swift */ = {isa = PBXFileReference; lastKnownFileType = sourcecode.swift; path = "UIDevice+Utils.swift"; sourceTree = "<group>"; };
		3A302065290E54F7006676BD /* MainPhotoViewController+Delegate.swift */ = {isa = PBXFileReference; lastKnownFileType = sourcecode.swift; path = "MainPhotoViewController+Delegate.swift"; sourceTree = "<group>"; };
		3A35CD5C28F67D9400386011 /* ConnectingViewController.swift */ = {isa = PBXFileReference; lastKnownFileType = sourcecode.swift; path = ConnectingViewController.swift; sourceTree = "<group>"; };
		3A397CA328F80D6D006D5B18 /* CAGradientLayer+Apply.swift */ = {isa = PBXFileReference; lastKnownFileType = sourcecode.swift; path = "CAGradientLayer+Apply.swift"; sourceTree = "<group>"; };
		3A3C118C28EDAEC600C9CCED /* LockScreenWidgetIntents.intentdefinition */ = {isa = PBXFileReference; lastKnownFileType = file.intentdefinition; path = LockScreenWidgetIntents.intentdefinition; sourceTree = "<group>"; };
		3A3C119328EDB4B800C9CCED /* LockScreenIntentsExtension.appex */ = {isa = PBXFileReference; explicitFileType = "wrapper.app-extension"; includeInIndex = 0; path = LockScreenIntentsExtension.appex; sourceTree = BUILT_PRODUCTS_DIR; };
		3A3C119628EDB4B800C9CCED /* IntentHandler.swift */ = {isa = PBXFileReference; lastKnownFileType = sourcecode.swift; path = IntentHandler.swift; sourceTree = "<group>"; };
		3A3C119828EDB4B800C9CCED /* Info.plist */ = {isa = PBXFileReference; lastKnownFileType = text.plist.xml; path = Info.plist; sourceTree = "<group>"; };
		3A3C11A028EDB69A00C9CCED /* LockScreenIntentsExtension.entitlements */ = {isa = PBXFileReference; lastKnownFileType = text.plist.entitlements; path = LockScreenIntentsExtension.entitlements; sourceTree = "<group>"; };
		3A3C11A228EDC14700C9CCED /* WidgetModel.swift */ = {isa = PBXFileReference; lastKnownFileType = sourcecode.swift; path = WidgetModel.swift; sourceTree = "<group>"; };
		3A3E519228F2F9380095007C /* FailLinkViewController.swift */ = {isa = PBXFileReference; lastKnownFileType = sourcecode.swift; path = FailLinkViewController.swift; sourceTree = "<group>"; };
		3A420D8D28E4669000C8426D /* PhotoViewController+RulerView.swift */ = {isa = PBXFileReference; lastKnownFileType = sourcecode.swift; path = "PhotoViewController+RulerView.swift"; sourceTree = "<group>"; };
		3A42851028E9D7CE001C7032 /* ColorPickerView.swift */ = {isa = PBXFileReference; lastKnownFileType = sourcecode.swift; path = ColorPickerView.swift; sourceTree = "<group>"; };
		3A42851428EA7B8E001C7032 /* PhotoViewController+bgColorSliderView.swift */ = {isa = PBXFileReference; lastKnownFileType = sourcecode.swift; path = "PhotoViewController+bgColorSliderView.swift"; sourceTree = "<group>"; };
		3A51A10328F531E70027AD5A /* WidgetViewController.swift */ = {isa = PBXFileReference; lastKnownFileType = sourcecode.swift; path = WidgetViewController.swift; sourceTree = "<group>"; };
		3A51A10628F5A1C70027AD5A /* TestViewController.swift */ = {isa = PBXFileReference; lastKnownFileType = sourcecode.swift; path = TestViewController.swift; sourceTree = "<group>"; };
		3A559C6F28EB1D4900D5D9E4 /* AppColors.swift */ = {isa = PBXFileReference; lastKnownFileType = sourcecode.swift; path = AppColors.swift; sourceTree = "<group>"; };
		3A559C7128EB21DB00D5D9E4 /* MenuAnimation.swift */ = {isa = PBXFileReference; lastKnownFileType = sourcecode.swift; path = MenuAnimation.swift; sourceTree = "<group>"; };
		3A5E82B828C70A8E00C10AAC /* ImageEditModel.swift */ = {isa = PBXFileReference; lastKnownFileType = sourcecode.swift; path = ImageEditModel.swift; sourceTree = "<group>"; };
		3A82318E28C78F0700F958FE /* UIImage+Utils.swift */ = {isa = PBXFileReference; lastKnownFileType = sourcecode.swift; path = "UIImage+Utils.swift"; sourceTree = "<group>"; };
		3A8E3A0328E3E6AA00390F8A /* RulerSlider.swift */ = {isa = PBXFileReference; lastKnownFileType = sourcecode.swift; path = RulerSlider.swift; sourceTree = "<group>"; };
		3A94E19D28EC1B950050EE80 /* Intents.framework */ = {isa = PBXFileReference; lastKnownFileType = wrapper.framework; name = Intents.framework; path = System/Library/Frameworks/Intents.framework; sourceTree = SDKROOT; };
		3A94E1A828EC1B960050EE80 /* IntentsUI.framework */ = {isa = PBXFileReference; lastKnownFileType = wrapper.framework; name = IntentsUI.framework; path = System/Library/Frameworks/IntentsUI.framework; sourceTree = SDKROOT; };
		3A9BC0CD28E6C92A0041DA1B /* BackgroundMaker.entitlements */ = {isa = PBXFileReference; lastKnownFileType = text.plist.entitlements; path = BackgroundMaker.entitlements; sourceTree = "<group>"; };
		3A9BC0CE28E6C93A0041DA1B /* LockScreenWidgetExtension.entitlements */ = {isa = PBXFileReference; lastKnownFileType = text.plist.entitlements; path = LockScreenWidgetExtension.entitlements; sourceTree = "<group>"; };
		3A9BC0D328E6CC720041DA1B /* AddWidgetViewController.swift */ = {isa = PBXFileReference; lastKnownFileType = sourcecode.swift; path = AddWidgetViewController.swift; sourceTree = "<group>"; };
		3A9BC0D528E6CD4C0041DA1B /* GlobalConstants.swift */ = {isa = PBXFileReference; lastKnownFileType = sourcecode.swift; path = GlobalConstants.swift; sourceTree = "<group>"; };
		3A9BC0D928E6E1AE0041DA1B /* Constants.swift */ = {isa = PBXFileReference; lastKnownFileType = sourcecode.swift; path = Constants.swift; sourceTree = "<group>"; };
		3A9EABB128E57FF700ED2BF2 /* PhotoViewController+bgEditSubview.swift */ = {isa = PBXFileReference; lastKnownFileType = sourcecode.swift; path = "PhotoViewController+bgEditSubview.swift"; sourceTree = "<group>"; };
		3A9EABB328E5C41800ED2BF2 /* PhotoViewController+Gesture.swift */ = {isa = PBXFileReference; lastKnownFileType = sourcecode.swift; path = "PhotoViewController+Gesture.swift"; sourceTree = "<group>"; };
		3A9EABB528E5DA9300ED2BF2 /* UIColor+Utils.swift */ = {isa = PBXFileReference; lastKnownFileType = sourcecode.swift; path = "UIColor+Utils.swift"; sourceTree = "<group>"; };
		3AA33F0128CE339C004127ED /* RoundShadowView.swift */ = {isa = PBXFileReference; lastKnownFileType = sourcecode.swift; path = RoundShadowView.swift; sourceTree = "<group>"; };
		3AA54F0128FE35CA008EF311 /* APIs.swift */ = {isa = PBXFileReference; lastKnownFileType = sourcecode.swift; path = APIs.swift; sourceTree = "<group>"; };
		3AA81CA728E457B6009EE95B /* RulerSubview.swift */ = {isa = PBXFileReference; lastKnownFileType = sourcecode.swift; path = RulerSubview.swift; sourceTree = "<group>"; };
		3ABA6C1328C6043F005AA8E4 /* BackgroundMaker.app */ = {isa = PBXFileReference; explicitFileType = wrapper.application; includeInIndex = 0; path = BackgroundMaker.app; sourceTree = BUILT_PRODUCTS_DIR; };
		3ABA6C1628C6043F005AA8E4 /* AppDelegate.swift */ = {isa = PBXFileReference; lastKnownFileType = sourcecode.swift; path = AppDelegate.swift; sourceTree = "<group>"; };
		3ABA6C1828C6043F005AA8E4 /* SceneDelegate.swift */ = {isa = PBXFileReference; lastKnownFileType = sourcecode.swift; path = SceneDelegate.swift; sourceTree = "<group>"; };
		3ABA6C1A28C6043F005AA8E4 /* PhotoViewController.swift */ = {isa = PBXFileReference; lastKnownFileType = sourcecode.swift; path = PhotoViewController.swift; sourceTree = "<group>"; };
		3ABA6C2228C60440005AA8E4 /* Assets.xcassets */ = {isa = PBXFileReference; lastKnownFileType = folder.assetcatalog; path = Assets.xcassets; sourceTree = "<group>"; };
		3ABA6C2528C60440005AA8E4 /* Base */ = {isa = PBXFileReference; lastKnownFileType = file.storyboard; name = Base; path = Base.lproj/LaunchScreen.storyboard; sourceTree = "<group>"; };
		3ABA6C2728C60440005AA8E4 /* Info.plist */ = {isa = PBXFileReference; lastKnownFileType = text.plist.xml; path = Info.plist; sourceTree = "<group>"; };
		3AC3E1E828E690B800BFF455 /* WidgetKit.framework */ = {isa = PBXFileReference; lastKnownFileType = wrapper.framework; name = WidgetKit.framework; path = System/Library/Frameworks/WidgetKit.framework; sourceTree = SDKROOT; };
		3AC3E1EA28E690B800BFF455 /* SwiftUI.framework */ = {isa = PBXFileReference; lastKnownFileType = wrapper.framework; name = SwiftUI.framework; path = System/Library/Frameworks/SwiftUI.framework; sourceTree = SDKROOT; };
		3AC8E70228EA95F60086B8D4 /* ColorPallet.swift */ = {isa = PBXFileReference; lastKnownFileType = sourcecode.swift; path = ColorPallet.swift; sourceTree = "<group>"; };
		3ACD924128CDCADB00345E6C /* LoadingIndicatorGray.json */ = {isa = PBXFileReference; fileEncoding = 4; lastKnownFileType = text.json; path = LoadingIndicatorGray.json; sourceTree = "<group>"; };
		3AD12D9328CD960E00CF431C /* ImageViewModel.swift */ = {isa = PBXFileReference; lastKnownFileType = sourcecode.swift; path = ImageViewModel.swift; sourceTree = "<group>"; };
		3AD12D9528CDA4C900CF431C /* MainPhotoViewController.swift */ = {isa = PBXFileReference; lastKnownFileType = sourcecode.swift; path = MainPhotoViewController.swift; sourceTree = "<group>"; };
		3AD157852908E360001943CA /* MainContainerViewController.swift */ = {isa = PBXFileReference; lastKnownFileType = sourcecode.swift; path = MainContainerViewController.swift; sourceTree = "<group>"; };
		3ADDCD2728F455870033AA2C /* TextWidget.swift */ = {isa = PBXFileReference; lastKnownFileType = sourcecode.swift; path = TextWidget.swift; sourceTree = "<group>"; };
		3AE09A9828FC1B5B009530F9 /* BuiltInWidgetViewController.swift */ = {isa = PBXFileReference; lastKnownFileType = sourcecode.swift; path = BuiltInWidgetViewController.swift; sourceTree = "<group>"; };
		3AE09A9A28FC20BD009530F9 /* BuiltInAppCell.swift */ = {isa = PBXFileReference; lastKnownFileType = sourcecode.swift; path = BuiltInAppCell.swift; sourceTree = "<group>"; };
		3AE09A9C28FC3196009530F9 /* PlaceHolderCell.swift */ = {isa = PBXFileReference; lastKnownFileType = sourcecode.swift; path = PlaceHolderCell.swift; sourceTree = "<group>"; };
		3AE0D3C028CE0D8800297F8F /* ButtonViewCell.swift */ = {isa = PBXFileReference; lastKnownFileType = sourcecode.swift; path = ButtonViewCell.swift; sourceTree = "<group>"; };
		3AE2551A290EA29D0045098E /* WallpaperCell.swift */ = {isa = PBXFileReference; lastKnownFileType = sourcecode.swift; path = WallpaperCell.swift; sourceTree = "<group>"; };
		3AE2551C290EA2CF0045098E /* WallpaperCoreData.swift */ = {isa = PBXFileReference; lastKnownFileType = sourcecode.swift; path = WallpaperCoreData.swift; sourceTree = "<group>"; };
		3AE386F228FA83AF0001979A /* EditingWidgetViewController.swift */ = {isa = PBXFileReference; lastKnownFileType = sourcecode.swift; path = EditingWidgetViewController.swift; sourceTree = "<group>"; };
		3AE386F428FA98AD0001979A /* CustomUIVisualEffectView.swift */ = {isa = PBXFileReference; lastKnownFileType = sourcecode.swift; path = CustomUIVisualEffectView.swift; sourceTree = "<group>"; };
		3AE386F628FAC49F0001979A /* PhotoPickerViewController.swift */ = {isa = PBXFileReference; lastKnownFileType = sourcecode.swift; path = PhotoPickerViewController.swift; sourceTree = "<group>"; };
		3AE9DC0C28F8F87B008A3316 /* WidgetModel.xcdatamodel */ = {isa = PBXFileReference; lastKnownFileType = wrapper.xcdatamodel; path = WidgetModel.xcdatamodel; sourceTree = "<group>"; };
		3AE9DC3D28F936E3008A3316 /* WidgetViewController+CoreData.swift */ = {isa = PBXFileReference; lastKnownFileType = sourcecode.swift; path = "WidgetViewController+CoreData.swift"; sourceTree = "<group>"; };
		3AE9DC3F28F95929008A3316 /* IconCollectionViewController.swift */ = {isa = PBXFileReference; lastKnownFileType = sourcecode.swift; path = IconCollectionViewController.swift; sourceTree = "<group>"; };
		3AF9F00428ED570D00F685E6 /* LockScreenWidgetExtension.appex */ = {isa = PBXFileReference; explicitFileType = "wrapper.app-extension"; includeInIndex = 0; path = LockScreenWidgetExtension.appex; sourceTree = BUILT_PRODUCTS_DIR; };
		3AF9F00828ED570D00F685E6 /* LockScreenWidget.swift */ = {isa = PBXFileReference; lastKnownFileType = sourcecode.swift; path = LockScreenWidget.swift; sourceTree = "<group>"; };
		3AF9F00A28ED570E00F685E6 /* Assets.xcassets */ = {isa = PBXFileReference; lastKnownFileType = folder.assetcatalog; path = Assets.xcassets; sourceTree = "<group>"; };
		3AF9F00C28ED570E00F685E6 /* Info.plist */ = {isa = PBXFileReference; lastKnownFileType = text.plist.xml; path = Info.plist; sourceTree = "<group>"; };
		3AF9F01328ED843E00F685E6 /* AddWidgetViewController+WidgetKit.swift */ = {isa = PBXFileReference; lastKnownFileType = sourcecode.swift; path = "AddWidgetViewController+WidgetKit.swift"; sourceTree = "<group>"; };
/* End PBXFileReference section */

/* Begin PBXFrameworksBuildPhase section */
		3A3C119028EDB4B800C9CCED /* Frameworks */ = {
			isa = PBXFrameworksBuildPhase;
			buildActionMask = 2147483647;
			files = (
				3A3C119428EDB4B800C9CCED /* Intents.framework in Frameworks */,
			);
			runOnlyForDeploymentPostprocessing = 0;
		};
		3ABA6C1028C6043F005AA8E4 /* Frameworks */ = {
			isa = PBXFrameworksBuildPhase;
			buildActionMask = 2147483647;
			files = (
				3A9D3DC828FD36A60085676B /* UIImageColors in Frameworks */,
				3ABA6C3828C6361B005AA8E4 /* SnapKit in Frameworks */,
				3ABA6C3528C60A7F005AA8E4 /* RxSwift in Frameworks */,
				3A8E3A0728E3E7B900390F8A /* RulerView in Frameworks */,
				3ABA6C3328C60A7F005AA8E4 /* RxCocoa in Frameworks */,
				3A2E2200290FFA2400E4F46A /* Lottie in Frameworks */,
			);
			runOnlyForDeploymentPostprocessing = 0;
		};
		3AF9F00128ED570D00F685E6 /* Frameworks */ = {
			isa = PBXFrameworksBuildPhase;
			buildActionMask = 2147483647;
			files = (
				3AF9F00628ED570D00F685E6 /* SwiftUI.framework in Frameworks */,
				3AF9F00528ED570D00F685E6 /* WidgetKit.framework in Frameworks */,
			);
			runOnlyForDeploymentPostprocessing = 0;
		};
/* End PBXFrameworksBuildPhase section */

/* Begin PBXGroup section */
		3A0F429E28C89742002F1CAD /* Extension+Utils */ = {
			isa = PBXGroup;
			children = (
				3A82318E28C78F0700F958FE /* UIImage+Utils.swift */,
				3A0F429F28C8D3AD002F1CAD /* UIView+Utils.swift */,
				3AA33F0128CE339C004127ED /* RoundShadowView.swift */,
				3A8E3A0328E3E6AA00390F8A /* RulerSlider.swift */,
				3A9EABB528E5DA9300ED2BF2 /* UIColor+Utils.swift */,
				3A559C6F28EB1D4900D5D9E4 /* AppColors.swift */,
				3A2F307828F41F0E00404721 /* UIDevice+Utils.swift */,
				3A51A10628F5A1C70027AD5A /* TestViewController.swift */,
				3A397CA328F80D6D006D5B18 /* CAGradientLayer+Apply.swift */,
			);
			path = "Extension+Utils";
			sourceTree = "<group>";
		};
		3A0F42A228C982D0002F1CAD /* SubViews */ = {
			isa = PBXGroup;
			children = (
				3A0F42A328C982D8002F1CAD /* BottomMenuView.swift */,
				3AA81CA728E457B6009EE95B /* RulerSubview.swift */,
				3A42851028E9D7CE001C7032 /* ColorPickerView.swift */,
				3AC8E70228EA95F60086B8D4 /* ColorPallet.swift */,
				3A559C7128EB21DB00D5D9E4 /* MenuAnimation.swift */,
				3A2F307628F4134D00404721 /* ImageWithTextButton.swift */,
			);
			path = SubViews;
			sourceTree = "<group>";
		};
		3A17665A28C9DC7B006DE579 /* EditModels */ = {
			isa = PBXGroup;
			children = (
				3A5E82B828C70A8E00C10AAC /* ImageEditModel.swift */,
				3A16865628E1FB49004090DA /* FilterModel.swift */,
			);
			path = EditModels;
			sourceTree = "<group>";
		};
		3A3C119528EDB4B800C9CCED /* LockScreenIntentsExtension */ = {
			isa = PBXGroup;
			children = (
				3A3C11A028EDB69A00C9CCED /* LockScreenIntentsExtension.entitlements */,
				3A3C119628EDB4B800C9CCED /* IntentHandler.swift */,
				3A3C119828EDB4B800C9CCED /* Info.plist */,
			);
			path = LockScreenIntentsExtension;
			sourceTree = "<group>";
		};
		3A3E519428F2F9D10095007C /* Models */ = {
			isa = PBXGroup;
			children = (
				3A3C11A228EDC14700C9CCED /* WidgetModel.swift */,
			);
			path = Models;
			sourceTree = "<group>";
		};
		3A42851628EA7BD0001C7032 /* Test */ = {
			isa = PBXGroup;
			children = (
				3A20983C28EBCF0E0032FD78 /* WidgetTestVC.swift */,
				3A17665A28C9DC7B006DE579 /* EditModels */,
			);
			path = Test;
			sourceTree = "<group>";
		};
		3A51A10528F531F10027AD5A /* deepLinkWidget */ = {
			isa = PBXGroup;
			children = (
				3A9BC0D328E6CC720041DA1B /* AddWidgetViewController.swift */,
				3AF9F01328ED843E00F685E6 /* AddWidgetViewController+WidgetKit.swift */,
				3AE09A9828FC1B5B009530F9 /* BuiltInWidgetViewController.swift */,
				3AE9DC3F28F95929008A3316 /* IconCollectionViewController.swift */,
				3AE386F228FA83AF0001979A /* EditingWidgetViewController.swift */,
				3AF7E59228F8610700B14DFD /* Cells */,
				3AE386F428FA98AD0001979A /* CustomUIVisualEffectView.swift */,
				3AE386F628FAC49F0001979A /* PhotoPickerViewController.swift */,
			);
			path = deepLinkWidget;
			sourceTree = "<group>";
		};
		3A8E3A2F28E3E99500390F8A /* Frameworks */ = {
			isa = PBXGroup;
			children = (
				3AC3E1E828E690B800BFF455 /* WidgetKit.framework */,
				3AC3E1EA28E690B800BFF455 /* SwiftUI.framework */,
				3A94E19D28EC1B950050EE80 /* Intents.framework */,
				3A94E1A828EC1B960050EE80 /* IntentsUI.framework */,
			);
			name = Frameworks;
			sourceTree = "<group>";
		};
		3A9EABB728E5DCB300ED2BF2 /* BGMaker */ = {
			isa = PBXGroup;
			children = (
				3AD12D9528CDA4C900CF431C /* MainPhotoViewController.swift */,
				3A302065290E54F7006676BD /* MainPhotoViewController+Delegate.swift */,
				3A2E21FA290F7BBE00E4F46A /* InfoWallpaperViewController.swift */,
				3AE2551A290EA29D0045098E /* WallpaperCell.swift */,
				3ABA6C1A28C6043F005AA8E4 /* PhotoViewController.swift */,
				3A9EABB328E5C41800ED2BF2 /* PhotoViewController+Gesture.swift */,
				3A420D8D28E4669000C8426D /* PhotoViewController+RulerView.swift */,
				3A9EABB128E57FF700ED2BF2 /* PhotoViewController+bgEditSubview.swift */,
				3A42851428EA7B8E001C7032 /* PhotoViewController+bgColorSliderView.swift */,
				3A0F42A228C982D0002F1CAD /* SubViews */,
				3AF29FFC28E0ACB900CA6E15 /* ViewModel */,
				3A42851628EA7BD0001C7032 /* Test */,
			);
			path = BGMaker;
			sourceTree = "<group>";
		};
		3AA54F0028FE35C0008EF311 /* APIs */ = {
			isa = PBXGroup;
			children = (
				3AA54F0128FE35CA008EF311 /* APIs.swift */,
			);
			path = APIs;
			sourceTree = "<group>";
		};
		3AA54F2628FE3CEB008EF311 /* Main */ = {
			isa = PBXGroup;
			children = (
				3A51A10328F531E70027AD5A /* WidgetViewController.swift */,
				3AE9DC3D28F936E3008A3316 /* WidgetViewController+CoreData.swift */,
				3A51A10528F531F10027AD5A /* deepLinkWidget */,
				3A3E519228F2F9380095007C /* FailLinkViewController.swift */,
				3A35CD5C28F67D9400386011 /* ConnectingViewController.swift */,
			);
			path = Main;
			sourceTree = "<group>";
		};
		3AB4A3EB28CF01390062EC18 /* Animation */ = {
			isa = PBXGroup;
			children = (
				3A2E21FC290FF9F800E4F46A /* downArrow.json */,
				3ACD924128CDCADB00345E6C /* LoadingIndicatorGray.json */,
			);
			path = Animation;
			sourceTree = "<group>";
		};
		3ABA6C0A28C6043F005AA8E4 = {
			isa = PBXGroup;
			children = (
				3A9BC0CE28E6C93A0041DA1B /* LockScreenWidgetExtension.entitlements */,
				3ABA6C1528C6043F005AA8E4 /* BackgroundMaker */,
				3AF9F00728ED570D00F685E6 /* LockScreenWidget */,
				3A3C119528EDB4B800C9CCED /* LockScreenIntentsExtension */,
				3ABA6C1428C6043F005AA8E4 /* Products */,
				3A8E3A2F28E3E99500390F8A /* Frameworks */,
			);
			sourceTree = "<group>";
		};
		3ABA6C1428C6043F005AA8E4 /* Products */ = {
			isa = PBXGroup;
			children = (
				3ABA6C1328C6043F005AA8E4 /* BackgroundMaker.app */,
				3AF9F00428ED570D00F685E6 /* LockScreenWidgetExtension.appex */,
				3A3C119328EDB4B800C9CCED /* LockScreenIntentsExtension.appex */,
			);
			name = Products;
			sourceTree = "<group>";
		};
		3ABA6C1528C6043F005AA8E4 /* BackgroundMaker */ = {
			isa = PBXGroup;
			children = (
				3A9BC0CD28E6C92A0041DA1B /* BackgroundMaker.entitlements */,
				3ABA6C1628C6043F005AA8E4 /* AppDelegate.swift */,
				3ABA6C1828C6043F005AA8E4 /* SceneDelegate.swift */,
				3AD157852908E360001943CA /* MainContainerViewController.swift */,
				3AE386F828FBD5B70001979A /* CoreData */,
				3A9EABB728E5DCB300ED2BF2 /* BGMaker */,
				3AC3E1E028E68A6D00BFF455 /* WidgetMaker */,
				3AF7E59128F85FD200B14DFD /* Utils */,
				3ABA6C2D28C60465005AA8E4 /* Files */,
			);
			path = BackgroundMaker;
			sourceTree = "<group>";
		};
		3ABA6C2D28C60465005AA8E4 /* Files */ = {
			isa = PBXGroup;
			children = (
				3AE0D3C028CE0D8800297F8F /* ButtonViewCell.swift */,
				3A26150328CB7E2B000D17A3 /* TestEditImageViewController.swift */,
				3ABA6C2228C60440005AA8E4 /* Assets.xcassets */,
				3ABA6C2428C60440005AA8E4 /* LaunchScreen.storyboard */,
				3ABA6C2728C60440005AA8E4 /* Info.plist */,
			);
			name = Files;
			sourceTree = "<group>";
		};
		3AC3E1E028E68A6D00BFF455 /* WidgetMaker */ = {
			isa = PBXGroup;
			children = (
				3AA54F2628FE3CEB008EF311 /* Main */,
				3AA54F0028FE35C0008EF311 /* APIs */,
				3A3E519428F2F9D10095007C /* Models */,
			);
			path = WidgetMaker;
			sourceTree = "<group>";
		};
		3AE386F828FBD5B70001979A /* CoreData */ = {
			isa = PBXGroup;
			children = (
				3A1CD19928F971A800AC5D1C /* CoreData.swift */,
				3AE2551C290EA2CF0045098E /* WallpaperCoreData.swift */,
				3AE9DC0B28F8F87B008A3316 /* BackgroundMaker.xcdatamodeld */,
			);
			name = CoreData;
			sourceTree = "<group>";
		};
		3AF29FFC28E0ACB900CA6E15 /* ViewModel */ = {
			isa = PBXGroup;
			children = (
				3A17665828C9DAFF006DE579 /* ViewModel.swift */,
				3AD12D9328CD960E00CF431C /* ImageViewModel.swift */,
			);
			path = ViewModel;
			sourceTree = "<group>";
		};
		3AF7E59128F85FD200B14DFD /* Utils */ = {
			isa = PBXGroup;
			children = (
				3A0F429E28C89742002F1CAD /* Extension+Utils */,
				3AB4A3EB28CF01390062EC18 /* Animation */,
				3A9BC0D528E6CD4C0041DA1B /* GlobalConstants.swift */,
				3A9BC0D928E6E1AE0041DA1B /* Constants.swift */,
			);
			path = Utils;
			sourceTree = "<group>";
		};
		3AF7E59228F8610700B14DFD /* Cells */ = {
			isa = PBXGroup;
			children = (
				3A20984328EBE3B50032FD78 /* WidgetIconCell.swift */,
				3AE09A9A28FC20BD009530F9 /* BuiltInAppCell.swift */,
				3AE09A9C28FC3196009530F9 /* PlaceHolderCell.swift */,
			);
			path = Cells;
			sourceTree = "<group>";
		};
		3AF9F00728ED570D00F685E6 /* LockScreenWidget */ = {
			isa = PBXGroup;
			children = (
				3AF9F00828ED570D00F685E6 /* LockScreenWidget.swift */,
				3ADDCD2728F455870033AA2C /* TextWidget.swift */,
				3A3C118C28EDAEC600C9CCED /* LockScreenWidgetIntents.intentdefinition */,
				3AF9F00A28ED570E00F685E6 /* Assets.xcassets */,
				3AF9F00C28ED570E00F685E6 /* Info.plist */,
			);
			path = LockScreenWidget;
			sourceTree = "<group>";
		};
/* End PBXGroup section */

/* Begin PBXNativeTarget section */
		3A3C119228EDB4B800C9CCED /* LockScreenIntentsExtension */ = {
			isa = PBXNativeTarget;
			buildConfigurationList = 3A3C119C28EDB4B800C9CCED /* Build configuration list for PBXNativeTarget "LockScreenIntentsExtension" */;
			buildPhases = (
				3A3C118F28EDB4B800C9CCED /* Sources */,
				3A3C119028EDB4B800C9CCED /* Frameworks */,
				3A3C119128EDB4B800C9CCED /* Resources */,
			);
			buildRules = (
			);
			dependencies = (
			);
			name = LockScreenIntentsExtension;
			productName = LockScreenIntentsExtension;
			productReference = 3A3C119328EDB4B800C9CCED /* LockScreenIntentsExtension.appex */;
			productType = "com.apple.product-type.app-extension";
		};
		3ABA6C1228C6043F005AA8E4 /* BackgroundMaker */ = {
			isa = PBXNativeTarget;
			buildConfigurationList = 3ABA6C2A28C60440005AA8E4 /* Build configuration list for PBXNativeTarget "BackgroundMaker" */;
			buildPhases = (
				3ABA6C0F28C6043F005AA8E4 /* Sources */,
				3ABA6C1028C6043F005AA8E4 /* Frameworks */,
				3ABA6C1128C6043F005AA8E4 /* Resources */,
				3AC3E1FB28E690BA00BFF455 /* Embed Foundation Extensions */,
			);
			buildRules = (
			);
			dependencies = (
				3AF9F00E28ED570E00F685E6 /* PBXTargetDependency */,
				3A3C119A28EDB4B800C9CCED /* PBXTargetDependency */,
			);
			name = BackgroundMaker;
			packageProductDependencies = (
				3ABA6C3228C60A7F005AA8E4 /* RxCocoa */,
				3ABA6C3428C60A7F005AA8E4 /* RxSwift */,
				3ABA6C3728C6361B005AA8E4 /* SnapKit */,
				3A8E3A0628E3E7B900390F8A /* RulerView */,
				3A9D3DC728FD36A60085676B /* UIImageColors */,
				3A2E21FF290FFA2400E4F46A /* Lottie */,
			);
			productName = BackgroundMaker;
			productReference = 3ABA6C1328C6043F005AA8E4 /* BackgroundMaker.app */;
			productType = "com.apple.product-type.application";
		};
		3AF9F00328ED570D00F685E6 /* LockScreenWidgetExtension */ = {
			isa = PBXNativeTarget;
			buildConfigurationList = 3AF9F01028ED570E00F685E6 /* Build configuration list for PBXNativeTarget "LockScreenWidgetExtension" */;
			buildPhases = (
				3AF9F00028ED570D00F685E6 /* Sources */,
				3AF9F00128ED570D00F685E6 /* Frameworks */,
				3AF9F00228ED570D00F685E6 /* Resources */,
			);
			buildRules = (
			);
			dependencies = (
			);
			name = LockScreenWidgetExtension;
			productName = LockScreenWidgetExtension;
			productReference = 3AF9F00428ED570D00F685E6 /* LockScreenWidgetExtension.appex */;
			productType = "com.apple.product-type.app-extension";
		};
/* End PBXNativeTarget section */

/* Begin PBXProject section */
		3ABA6C0B28C6043F005AA8E4 /* Project object */ = {
			isa = PBXProject;
			attributes = {
				BuildIndependentTargetsInParallel = 1;
				LastSwiftUpdateCheck = 1400;
				LastUpgradeCheck = 1400;
				TargetAttributes = {
					3A3C119228EDB4B800C9CCED = {
						CreatedOnToolsVersion = 14.0.1;
					};
					3ABA6C1228C6043F005AA8E4 = {
						CreatedOnToolsVersion = 14.0;
					};
					3AF9F00328ED570D00F685E6 = {
						CreatedOnToolsVersion = 14.0.1;
					};
				};
			};
			buildConfigurationList = 3ABA6C0E28C6043F005AA8E4 /* Build configuration list for PBXProject "BackgroundMaker" */;
			compatibilityVersion = "Xcode 14.0";
			developmentRegion = en;
			hasScannedForEncodings = 0;
			knownRegions = (
				en,
				Base,
				"ko-KR",
			);
			mainGroup = 3ABA6C0A28C6043F005AA8E4;
			packageReferences = (
				3ABA6C3128C60A7F005AA8E4 /* XCRemoteSwiftPackageReference "RxSwift" */,
				3ABA6C3628C6361B005AA8E4 /* XCRemoteSwiftPackageReference "SnapKit" */,
				3A8E3A0528E3E7B900390F8A /* XCRemoteSwiftPackageReference "RulerView" */,
				3A9D3DC628FD36A60085676B /* XCRemoteSwiftPackageReference "UIImageColors" */,
				3A2E21FE290FFA2400E4F46A /* XCRemoteSwiftPackageReference "lottie-ios" */,
			);
			productRefGroup = 3ABA6C1428C6043F005AA8E4 /* Products */;
			projectDirPath = "";
			projectRoot = "";
			targets = (
				3ABA6C1228C6043F005AA8E4 /* BackgroundMaker */,
				3AF9F00328ED570D00F685E6 /* LockScreenWidgetExtension */,
				3A3C119228EDB4B800C9CCED /* LockScreenIntentsExtension */,
			);
		};
/* End PBXProject section */

/* Begin PBXResourcesBuildPhase section */
		3A3C119128EDB4B800C9CCED /* Resources */ = {
			isa = PBXResourcesBuildPhase;
			buildActionMask = 2147483647;
			files = (
				3A40E1AF28EED35E00A646FA /* Assets.xcassets in Resources */,
			);
			runOnlyForDeploymentPostprocessing = 0;
		};
		3ABA6C1128C6043F005AA8E4 /* Resources */ = {
			isa = PBXResourcesBuildPhase;
			buildActionMask = 2147483647;
			files = (
				3ACD924228CDCADC00345E6C /* LoadingIndicatorGray.json in Resources */,
				3ABA6C2628C60440005AA8E4 /* LaunchScreen.storyboard in Resources */,
				3A2E21FD290FF9F800E4F46A /* downArrow.json in Resources */,
				3ABA6C2328C60440005AA8E4 /* Assets.xcassets in Resources */,
			);
			runOnlyForDeploymentPostprocessing = 0;
		};
		3AF9F00228ED570D00F685E6 /* Resources */ = {
			isa = PBXResourcesBuildPhase;
			buildActionMask = 2147483647;
			files = (
				3A40E1AE28EED35D00A646FA /* Assets.xcassets in Resources */,
				3AF9F00B28ED570E00F685E6 /* Assets.xcassets in Resources */,
			);
			runOnlyForDeploymentPostprocessing = 0;
		};
/* End PBXResourcesBuildPhase section */

/* Begin PBXSourcesBuildPhase section */
		3A3C118F28EDB4B800C9CCED /* Sources */ = {
			isa = PBXSourcesBuildPhase;
			buildActionMask = 2147483647;
			files = (
				3A1CD19728F9710200AC5D1C /* AppDelegate.swift in Sources */,
				3A3C119728EDB4B800C9CCED /* IntentHandler.swift in Sources */,
				3AE9DC0F28F8F891008A3316 /* BackgroundMaker.xcdatamodeld in Sources */,
				3A1CD1A128F9891C00AC5D1C /* CoreData.swift in Sources */,
				3A1CD19828F9710E00AC5D1C /* GlobalConstants.swift in Sources */,
				3A3C119F28EDB5B400C9CCED /* LockScreenWidgetIntents.intentdefinition in Sources */,
				3A76BEAA28F2EC6B00B9162C /* WidgetModel.swift in Sources */,
				3A1CD19D28F9819300AC5D1C /* Constants.swift in Sources */,
			);
			runOnlyForDeploymentPostprocessing = 0;
		};
		3ABA6C0F28C6043F005AA8E4 /* Sources */ = {
			isa = PBXSourcesBuildPhase;
			buildActionMask = 2147483647;
			files = (
				3AE386F528FA98AE0001979A /* CustomUIVisualEffectView.swift in Sources */,
				3A9BC0DA28E6E1AE0041DA1B /* Constants.swift in Sources */,
				3A20983D28EBCF0F0032FD78 /* WidgetTestVC.swift in Sources */,
				3AE9DC0D28F8F87B008A3316 /* BackgroundMaker.xcdatamodeld in Sources */,
				3A16865728E1FB49004090DA /* FilterModel.swift in Sources */,
				3A42851528EA7B8E001C7032 /* PhotoViewController+bgColorSliderView.swift in Sources */,
				3A2F307928F41F0E00404721 /* UIDevice+Utils.swift in Sources */,
				3A2F307728F4134D00404721 /* ImageWithTextButton.swift in Sources */,
				3A17665928C9DAFF006DE579 /* ViewModel.swift in Sources */,
				3AD12D9628CDA4C900CF431C /* MainPhotoViewController.swift in Sources */,
				3A3C11A328EDC14700C9CCED /* WidgetModel.swift in Sources */,
				3ABA6C1B28C6043F005AA8E4 /* PhotoViewController.swift in Sources */,
				3A559C7228EB21DB00D5D9E4 /* MenuAnimation.swift in Sources */,
				3A0F42A028C8D3AD002F1CAD /* UIView+Utils.swift in Sources */,
				3A26150428CB7E2B000D17A3 /* TestEditImageViewController.swift in Sources */,
				3ABA6C1728C6043F005AA8E4 /* AppDelegate.swift in Sources */,
				3AD12D9428CD960E00CF431C /* ImageViewModel.swift in Sources */,
				3A9BC0CC28E6AEAD0041DA1B /* RulerSubview.swift in Sources */,
				3AE09A9D28FC3196009530F9 /* PlaceHolderCell.swift in Sources */,
				3AD157862908E360001943CA /* MainContainerViewController.swift in Sources */,
				3A42851128E9D7CE001C7032 /* ColorPickerView.swift in Sources */,
				3A5E82B928C70A8E00C10AAC /* ImageEditModel.swift in Sources */,
				3A559C7028EB1D4900D5D9E4 /* AppColors.swift in Sources */,
				3A51A10728F5A1C70027AD5A /* TestViewController.swift in Sources */,
				3A8E3A0428E3E6AA00390F8A /* RulerSlider.swift in Sources */,
				3A3E519328F2F9380095007C /* FailLinkViewController.swift in Sources */,
				3A9EABB228E57FF700ED2BF2 /* PhotoViewController+bgEditSubview.swift in Sources */,
				3AA33F0228CE339C004127ED /* RoundShadowView.swift in Sources */,
				3A1CD19A28F971A800AC5D1C /* CoreData.swift in Sources */,
				3A397CA428F80D6D006D5B18 /* CAGradientLayer+Apply.swift in Sources */,
				3A0F42A428C982D8002F1CAD /* BottomMenuView.swift in Sources */,
				3A35CD5D28F67D9400386011 /* ConnectingViewController.swift in Sources */,
				3AE386F728FAC49F0001979A /* PhotoPickerViewController.swift in Sources */,
				3A51A10428F531E70027AD5A /* WidgetViewController.swift in Sources */,
				3AE09A9B28FC20BD009530F9 /* BuiltInAppCell.swift in Sources */,
				3AE9DC4028F95929008A3316 /* IconCollectionViewController.swift in Sources */,
				3A302066290E54F7006676BD /* MainPhotoViewController+Delegate.swift in Sources */,
				3A9BC0D628E6CD4C0041DA1B /* GlobalConstants.swift in Sources */,
				3A9BC0D428E6CC720041DA1B /* AddWidgetViewController.swift in Sources */,
				3A3C118D28EDAEC600C9CCED /* LockScreenWidgetIntents.intentdefinition in Sources */,
				3A82318F28C78F0700F958FE /* UIImage+Utils.swift in Sources */,
				3AA54F0228FE35CA008EF311 /* APIs.swift in Sources */,
				3A9EABB628E5DA9300ED2BF2 /* UIColor+Utils.swift in Sources */,
				3AF9F01428ED843E00F685E6 /* AddWidgetViewController+WidgetKit.swift in Sources */,
				3ABA6C1928C6043F005AA8E4 /* SceneDelegate.swift in Sources */,
				3A20984428EBE3B50032FD78 /* WidgetIconCell.swift in Sources */,
				3AE2551D290EA2CF0045098E /* WallpaperCoreData.swift in Sources */,
				3AE0D3C128CE0D8800297F8F /* ButtonViewCell.swift in Sources */,
				3AE09A9928FC1B5B009530F9 /* BuiltInWidgetViewController.swift in Sources */,
				3A420D8E28E4669000C8426D /* PhotoViewController+RulerView.swift in Sources */,
				3A9EABB428E5C41800ED2BF2 /* PhotoViewController+Gesture.swift in Sources */,
				3AC8E70328EA95F60086B8D4 /* ColorPallet.swift in Sources */,
				3AE9DC3E28F936E3008A3316 /* WidgetViewController+CoreData.swift in Sources */,
				3A2E21FB290F7BBE00E4F46A /* InfoWallpaperViewController.swift in Sources */,
				3AE2551B290EA29D0045098E /* WallpaperCell.swift in Sources */,
				3AE386F328FA83AF0001979A /* EditingWidgetViewController.swift in Sources */,
			);
			runOnlyForDeploymentPostprocessing = 0;
		};
		3AF9F00028ED570D00F685E6 /* Sources */ = {
			isa = PBXSourcesBuildPhase;
			buildActionMask = 2147483647;
			files = (
				3AF9F00928ED570D00F685E6 /* LockScreenWidget.swift in Sources */,
				3A3C118E28EDB1B700C9CCED /* LockScreenWidgetIntents.intentdefinition in Sources */,
				3ADDCD2928F458670033AA2C /* TextWidget.swift in Sources */,
				3A1CD1A228F9891C00AC5D1C /* CoreData.swift in Sources */,
				3A1CD19E28F9819400AC5D1C /* Constants.swift in Sources */,
				3A76BEAB28F2EC6C00B9162C /* WidgetModel.swift in Sources */,
				3AE9DC0E28F8F890008A3316 /* BackgroundMaker.xcdatamodeld in Sources */,
			);
			runOnlyForDeploymentPostprocessing = 0;
		};
/* End PBXSourcesBuildPhase section */

/* Begin PBXTargetDependency section */
		3A3C119A28EDB4B800C9CCED /* PBXTargetDependency */ = {
			isa = PBXTargetDependency;
			target = 3A3C119228EDB4B800C9CCED /* LockScreenIntentsExtension */;
			targetProxy = 3A3C119928EDB4B800C9CCED /* PBXContainerItemProxy */;
		};
		3AF9F00E28ED570E00F685E6 /* PBXTargetDependency */ = {
			isa = PBXTargetDependency;
			target = 3AF9F00328ED570D00F685E6 /* LockScreenWidgetExtension */;
			targetProxy = 3AF9F00D28ED570E00F685E6 /* PBXContainerItemProxy */;
		};
/* End PBXTargetDependency section */

/* Begin PBXVariantGroup section */
		3ABA6C2428C60440005AA8E4 /* LaunchScreen.storyboard */ = {
			isa = PBXVariantGroup;
			children = (
				3ABA6C2528C60440005AA8E4 /* Base */,
				3A0F42A128C8DC19002F1CAD /* ko-KR */,
			);
			name = LaunchScreen.storyboard;
			sourceTree = "<group>";
		};
/* End PBXVariantGroup section */

/* Begin XCBuildConfiguration section */
		3A3C119D28EDB4B800C9CCED /* Debug */ = {
			isa = XCBuildConfiguration;
			buildSettings = {
				CODE_SIGN_ENTITLEMENTS = LockScreenIntentsExtension/LockScreenIntentsExtension.entitlements;
				CODE_SIGN_STYLE = Automatic;
				CURRENT_PROJECT_VERSION = 1;
				DEVELOPMENT_TEAM = ZH5GA3W8UP;
				GENERATE_INFOPLIST_FILE = YES;
				INFOPLIST_FILE = LockScreenIntentsExtension/Info.plist;
				INFOPLIST_KEY_CFBundleDisplayName = LockScreenIntentsExtension;
				INFOPLIST_KEY_NSHumanReadableCopyright = "";
				IPHONEOS_DEPLOYMENT_TARGET = 16.0;
				LD_RUNPATH_SEARCH_PATHS = (
					"$(inherited)",
					"@executable_path/Frameworks",
					"@executable_path/../../Frameworks",
				);
				MARKETING_VERSION = 1.0;
				PRODUCT_BUNDLE_IDENTIFIER = com.weizen.BackgroundMaker.LockScreenIntentsExtension;
				PRODUCT_NAME = "$(TARGET_NAME)";
				SKIP_INSTALL = YES;
				SWIFT_EMIT_LOC_STRINGS = YES;
				SWIFT_VERSION = 5.0;
				TARGETED_DEVICE_FAMILY = "1,2";
			};
			name = Debug;
		};
		3A3C119E28EDB4B800C9CCED /* Release */ = {
			isa = XCBuildConfiguration;
			buildSettings = {
				CODE_SIGN_ENTITLEMENTS = LockScreenIntentsExtension/LockScreenIntentsExtension.entitlements;
				CODE_SIGN_STYLE = Automatic;
				CURRENT_PROJECT_VERSION = 1;
				DEVELOPMENT_TEAM = ZH5GA3W8UP;
				GENERATE_INFOPLIST_FILE = YES;
				INFOPLIST_FILE = LockScreenIntentsExtension/Info.plist;
				INFOPLIST_KEY_CFBundleDisplayName = LockScreenIntentsExtension;
				INFOPLIST_KEY_NSHumanReadableCopyright = "";
				IPHONEOS_DEPLOYMENT_TARGET = 16.0;
				LD_RUNPATH_SEARCH_PATHS = (
					"$(inherited)",
					"@executable_path/Frameworks",
					"@executable_path/../../Frameworks",
				);
				MARKETING_VERSION = 1.0;
				PRODUCT_BUNDLE_IDENTIFIER = com.weizen.BackgroundMaker.LockScreenIntentsExtension;
				PRODUCT_NAME = "$(TARGET_NAME)";
				SKIP_INSTALL = YES;
				SWIFT_EMIT_LOC_STRINGS = YES;
				SWIFT_VERSION = 5.0;
				TARGETED_DEVICE_FAMILY = "1,2";
			};
			name = Release;
		};
		3ABA6C2828C60440005AA8E4 /* Debug */ = {
			isa = XCBuildConfiguration;
			buildSettings = {
				ALWAYS_SEARCH_USER_PATHS = NO;
				CLANG_ANALYZER_LOCALIZABILITY_NONLOCALIZED = YES;
				CLANG_ANALYZER_NONNULL = YES;
				CLANG_ANALYZER_NUMBER_OBJECT_CONVERSION = YES_AGGRESSIVE;
				CLANG_CXX_LANGUAGE_STANDARD = "gnu++20";
				CLANG_ENABLE_MODULES = YES;
				CLANG_ENABLE_OBJC_ARC = YES;
				CLANG_ENABLE_OBJC_WEAK = YES;
				CLANG_WARN_BLOCK_CAPTURE_AUTORELEASING = YES;
				CLANG_WARN_BOOL_CONVERSION = YES;
				CLANG_WARN_COMMA = YES;
				CLANG_WARN_CONSTANT_CONVERSION = YES;
				CLANG_WARN_DEPRECATED_OBJC_IMPLEMENTATIONS = YES;
				CLANG_WARN_DIRECT_OBJC_ISA_USAGE = YES_ERROR;
				CLANG_WARN_DOCUMENTATION_COMMENTS = YES;
				CLANG_WARN_EMPTY_BODY = YES;
				CLANG_WARN_ENUM_CONVERSION = YES;
				CLANG_WARN_INFINITE_RECURSION = YES;
				CLANG_WARN_INT_CONVERSION = YES;
				CLANG_WARN_NON_LITERAL_NULL_CONVERSION = YES;
				CLANG_WARN_OBJC_IMPLICIT_RETAIN_SELF = YES;
				CLANG_WARN_OBJC_LITERAL_CONVERSION = YES;
				CLANG_WARN_OBJC_ROOT_CLASS = YES_ERROR;
				CLANG_WARN_QUOTED_INCLUDE_IN_FRAMEWORK_HEADER = YES;
				CLANG_WARN_RANGE_LOOP_ANALYSIS = YES;
				CLANG_WARN_STRICT_PROTOTYPES = YES;
				CLANG_WARN_SUSPICIOUS_MOVE = YES;
				CLANG_WARN_UNGUARDED_AVAILABILITY = YES_AGGRESSIVE;
				CLANG_WARN_UNREACHABLE_CODE = YES;
				CLANG_WARN__DUPLICATE_METHOD_MATCH = YES;
				COPY_PHASE_STRIP = NO;
				DEBUG_INFORMATION_FORMAT = dwarf;
				ENABLE_STRICT_OBJC_MSGSEND = YES;
				ENABLE_TESTABILITY = YES;
				GCC_C_LANGUAGE_STANDARD = gnu11;
				GCC_DYNAMIC_NO_PIC = NO;
				GCC_NO_COMMON_BLOCKS = YES;
				GCC_OPTIMIZATION_LEVEL = 0;
				GCC_PREPROCESSOR_DEFINITIONS = (
					"DEBUG=1",
					"$(inherited)",
				);
				GCC_WARN_64_TO_32_BIT_CONVERSION = YES;
				GCC_WARN_ABOUT_RETURN_TYPE = YES_ERROR;
				GCC_WARN_UNDECLARED_SELECTOR = YES;
				GCC_WARN_UNINITIALIZED_AUTOS = YES_AGGRESSIVE;
				GCC_WARN_UNUSED_FUNCTION = YES;
				GCC_WARN_UNUSED_VARIABLE = YES;
				IPHONEOS_DEPLOYMENT_TARGET = 15.0;
				MTL_ENABLE_DEBUG_INFO = INCLUDE_SOURCE;
				MTL_FAST_MATH = YES;
				ONLY_ACTIVE_ARCH = YES;
				SDKROOT = iphoneos;
				SWIFT_ACTIVE_COMPILATION_CONDITIONS = DEBUG;
				SWIFT_OPTIMIZATION_LEVEL = "-Onone";
			};
			name = Debug;
		};
		3ABA6C2928C60440005AA8E4 /* Release */ = {
			isa = XCBuildConfiguration;
			buildSettings = {
				ALWAYS_SEARCH_USER_PATHS = NO;
				CLANG_ANALYZER_LOCALIZABILITY_NONLOCALIZED = YES;
				CLANG_ANALYZER_NONNULL = YES;
				CLANG_ANALYZER_NUMBER_OBJECT_CONVERSION = YES_AGGRESSIVE;
				CLANG_CXX_LANGUAGE_STANDARD = "gnu++20";
				CLANG_ENABLE_MODULES = YES;
				CLANG_ENABLE_OBJC_ARC = YES;
				CLANG_ENABLE_OBJC_WEAK = YES;
				CLANG_WARN_BLOCK_CAPTURE_AUTORELEASING = YES;
				CLANG_WARN_BOOL_CONVERSION = YES;
				CLANG_WARN_COMMA = YES;
				CLANG_WARN_CONSTANT_CONVERSION = YES;
				CLANG_WARN_DEPRECATED_OBJC_IMPLEMENTATIONS = YES;
				CLANG_WARN_DIRECT_OBJC_ISA_USAGE = YES_ERROR;
				CLANG_WARN_DOCUMENTATION_COMMENTS = YES;
				CLANG_WARN_EMPTY_BODY = YES;
				CLANG_WARN_ENUM_CONVERSION = YES;
				CLANG_WARN_INFINITE_RECURSION = YES;
				CLANG_WARN_INT_CONVERSION = YES;
				CLANG_WARN_NON_LITERAL_NULL_CONVERSION = YES;
				CLANG_WARN_OBJC_IMPLICIT_RETAIN_SELF = YES;
				CLANG_WARN_OBJC_LITERAL_CONVERSION = YES;
				CLANG_WARN_OBJC_ROOT_CLASS = YES_ERROR;
				CLANG_WARN_QUOTED_INCLUDE_IN_FRAMEWORK_HEADER = YES;
				CLANG_WARN_RANGE_LOOP_ANALYSIS = YES;
				CLANG_WARN_STRICT_PROTOTYPES = YES;
				CLANG_WARN_SUSPICIOUS_MOVE = YES;
				CLANG_WARN_UNGUARDED_AVAILABILITY = YES_AGGRESSIVE;
				CLANG_WARN_UNREACHABLE_CODE = YES;
				CLANG_WARN__DUPLICATE_METHOD_MATCH = YES;
				COPY_PHASE_STRIP = NO;
				DEBUG_INFORMATION_FORMAT = "dwarf-with-dsym";
				ENABLE_NS_ASSERTIONS = NO;
				ENABLE_STRICT_OBJC_MSGSEND = YES;
				GCC_C_LANGUAGE_STANDARD = gnu11;
				GCC_NO_COMMON_BLOCKS = YES;
				GCC_WARN_64_TO_32_BIT_CONVERSION = YES;
				GCC_WARN_ABOUT_RETURN_TYPE = YES_ERROR;
				GCC_WARN_UNDECLARED_SELECTOR = YES;
				GCC_WARN_UNINITIALIZED_AUTOS = YES_AGGRESSIVE;
				GCC_WARN_UNUSED_FUNCTION = YES;
				GCC_WARN_UNUSED_VARIABLE = YES;
				IPHONEOS_DEPLOYMENT_TARGET = 15.0;
				MTL_ENABLE_DEBUG_INFO = NO;
				MTL_FAST_MATH = YES;
				ONLY_ACTIVE_ARCH = NO;
				SDKROOT = iphoneos;
				SWIFT_COMPILATION_MODE = wholemodule;
				SWIFT_OPTIMIZATION_LEVEL = "-O";
				VALIDATE_PRODUCT = YES;
			};
			name = Release;
		};
		3ABA6C2B28C60440005AA8E4 /* Debug */ = {
			isa = XCBuildConfiguration;
			buildSettings = {
				ALWAYS_EMBED_SWIFT_STANDARD_LIBRARIES = YES;
				ASSETCATALOG_COMPILER_APPICON_NAME = AppIcon;
				ASSETCATALOG_COMPILER_GLOBAL_ACCENT_COLOR_NAME = AccentColor;
				CODE_SIGN_ENTITLEMENTS = BackgroundMaker/BackgroundMaker.entitlements;
				CODE_SIGN_STYLE = Automatic;
				CURRENT_PROJECT_VERSION = 1;
				DEVELOPMENT_TEAM = ZH5GA3W8UP;
				GENERATE_INFOPLIST_FILE = YES;
				INFOPLIST_FILE = BackgroundMaker/Info.plist;
				INFOPLIST_KEY_CFBundleDisplayName = "월메이커";
				INFOPLIST_KEY_LSApplicationCategoryType = "public.app-category.photography";
				INFOPLIST_KEY_NSPhotoLibraryAddUsageDescription = "사진을 저장하기 위해 라이브러리 접근권한을 요청합니다.";
				INFOPLIST_KEY_NSPhotoLibraryUsageDescription = "사진을 편집하기 위해 라이브러리 접근권한을 요청합니다.";
				INFOPLIST_KEY_UIApplicationSupportsIndirectInputEvents = YES;
				INFOPLIST_KEY_UILaunchStoryboardName = LaunchScreen;
				INFOPLIST_KEY_UIStatusBarStyle = UIStatusBarStyleDarkContent;
				INFOPLIST_KEY_UISupportedInterfaceOrientations_iPad = "UIInterfaceOrientationLandscapeLeft UIInterfaceOrientationLandscapeRight UIInterfaceOrientationPortrait UIInterfaceOrientationPortraitUpsideDown";
				INFOPLIST_KEY_UIUserInterfaceStyle = Dark;
				IPHONEOS_DEPLOYMENT_TARGET = 15.0;
				LD_RUNPATH_SEARCH_PATHS = (
					"$(inherited)",
					"@executable_path/Frameworks",
				);
				MARKETING_VERSION = 1.0;
				PRODUCT_BUNDLE_IDENTIFIER = com.weizen.BackgroundMaker;
				PRODUCT_NAME = "$(TARGET_NAME)";
				SWIFT_EMIT_LOC_STRINGS = YES;
				SWIFT_VERSION = 5.0;
				TARGETED_DEVICE_FAMILY = "1,2";
			};
			name = Debug;
		};
		3ABA6C2C28C60440005AA8E4 /* Release */ = {
			isa = XCBuildConfiguration;
			buildSettings = {
				ALWAYS_EMBED_SWIFT_STANDARD_LIBRARIES = YES;
				ASSETCATALOG_COMPILER_APPICON_NAME = AppIcon;
				ASSETCATALOG_COMPILER_GLOBAL_ACCENT_COLOR_NAME = AccentColor;
				CODE_SIGN_ENTITLEMENTS = BackgroundMaker/BackgroundMaker.entitlements;
				CODE_SIGN_STYLE = Automatic;
				CURRENT_PROJECT_VERSION = 1;
				DEVELOPMENT_TEAM = ZH5GA3W8UP;
				GENERATE_INFOPLIST_FILE = YES;
				INFOPLIST_FILE = BackgroundMaker/Info.plist;
				INFOPLIST_KEY_CFBundleDisplayName = "월메이커";
				INFOPLIST_KEY_LSApplicationCategoryType = "public.app-category.photography";
				INFOPLIST_KEY_NSPhotoLibraryAddUsageDescription = "사진을 저장하기 위해 라이브러리 접근권한을 요청합니다.";
				INFOPLIST_KEY_NSPhotoLibraryUsageDescription = "사진을 편집하기 위해 라이브러리 접근권한을 요청합니다.";
				INFOPLIST_KEY_UIApplicationSupportsIndirectInputEvents = YES;
				INFOPLIST_KEY_UILaunchStoryboardName = LaunchScreen;
				INFOPLIST_KEY_UIStatusBarStyle = UIStatusBarStyleDarkContent;
				INFOPLIST_KEY_UISupportedInterfaceOrientations_iPad = "UIInterfaceOrientationLandscapeLeft UIInterfaceOrientationLandscapeRight UIInterfaceOrientationPortrait UIInterfaceOrientationPortraitUpsideDown";
				INFOPLIST_KEY_UIUserInterfaceStyle = Dark;
				IPHONEOS_DEPLOYMENT_TARGET = 15.0;
				LD_RUNPATH_SEARCH_PATHS = (
					"$(inherited)",
					"@executable_path/Frameworks",
				);
				MARKETING_VERSION = 1.0;
				PRODUCT_BUNDLE_IDENTIFIER = com.weizen.BackgroundMaker;
				PRODUCT_NAME = "$(TARGET_NAME)";
				SWIFT_EMIT_LOC_STRINGS = YES;
				SWIFT_VERSION = 5.0;
				TARGETED_DEVICE_FAMILY = "1,2";
			};
			name = Release;
		};
		3AF9F01128ED570E00F685E6 /* Debug */ = {
			isa = XCBuildConfiguration;
			buildSettings = {
				ASSETCATALOG_COMPILER_GLOBAL_ACCENT_COLOR_NAME = AccentColor;
				ASSETCATALOG_COMPILER_WIDGET_BACKGROUND_COLOR_NAME = WidgetBackground;
				CODE_SIGN_ENTITLEMENTS = LockScreenWidgetExtension.entitlements;
				CODE_SIGN_STYLE = Automatic;
				CURRENT_PROJECT_VERSION = 1;
				DEVELOPMENT_TEAM = ZH5GA3W8UP;
				GENERATE_INFOPLIST_FILE = YES;
				INFOPLIST_FILE = LockScreenWidget/Info.plist;
				INFOPLIST_KEY_CFBundleDisplayName = LockScreenWidget;
				INFOPLIST_KEY_NSHumanReadableCopyright = "";
				IPHONEOS_DEPLOYMENT_TARGET = 16.0;
				LD_RUNPATH_SEARCH_PATHS = (
					"$(inherited)",
					"@executable_path/Frameworks",
					"@executable_path/../../Frameworks",
				);
				MARKETING_VERSION = 1.0;
				PRODUCT_BUNDLE_IDENTIFIER = com.weizen.BackgroundMaker.LockScreenWidget;
				PRODUCT_NAME = "$(TARGET_NAME)";
				SKIP_INSTALL = YES;
				SWIFT_EMIT_LOC_STRINGS = YES;
				SWIFT_VERSION = 5.0;
				TARGETED_DEVICE_FAMILY = "1,2";
			};
			name = Debug;
		};
		3AF9F01228ED570E00F685E6 /* Release */ = {
			isa = XCBuildConfiguration;
			buildSettings = {
				ASSETCATALOG_COMPILER_GLOBAL_ACCENT_COLOR_NAME = AccentColor;
				ASSETCATALOG_COMPILER_WIDGET_BACKGROUND_COLOR_NAME = WidgetBackground;
				CODE_SIGN_ENTITLEMENTS = LockScreenWidgetExtension.entitlements;
				CODE_SIGN_STYLE = Automatic;
				CURRENT_PROJECT_VERSION = 1;
				DEVELOPMENT_TEAM = ZH5GA3W8UP;
				GENERATE_INFOPLIST_FILE = YES;
				INFOPLIST_FILE = LockScreenWidget/Info.plist;
				INFOPLIST_KEY_CFBundleDisplayName = LockScreenWidget;
				INFOPLIST_KEY_NSHumanReadableCopyright = "";
				IPHONEOS_DEPLOYMENT_TARGET = 16.0;
				LD_RUNPATH_SEARCH_PATHS = (
					"$(inherited)",
					"@executable_path/Frameworks",
					"@executable_path/../../Frameworks",
				);
				MARKETING_VERSION = 1.0;
				PRODUCT_BUNDLE_IDENTIFIER = com.weizen.BackgroundMaker.LockScreenWidget;
				PRODUCT_NAME = "$(TARGET_NAME)";
				SKIP_INSTALL = YES;
				SWIFT_EMIT_LOC_STRINGS = YES;
				SWIFT_VERSION = 5.0;
				TARGETED_DEVICE_FAMILY = "1,2";
			};
			name = Release;
		};
/* End XCBuildConfiguration section */

/* Begin XCConfigurationList section */
		3A3C119C28EDB4B800C9CCED /* Build configuration list for PBXNativeTarget "LockScreenIntentsExtension" */ = {
			isa = XCConfigurationList;
			buildConfigurations = (
				3A3C119D28EDB4B800C9CCED /* Debug */,
				3A3C119E28EDB4B800C9CCED /* Release */,
			);
			defaultConfigurationIsVisible = 0;
			defaultConfigurationName = Release;
		};
		3ABA6C0E28C6043F005AA8E4 /* Build configuration list for PBXProject "BackgroundMaker" */ = {
			isa = XCConfigurationList;
			buildConfigurations = (
				3ABA6C2828C60440005AA8E4 /* Debug */,
				3ABA6C2928C60440005AA8E4 /* Release */,
			);
			defaultConfigurationIsVisible = 0;
			defaultConfigurationName = Release;
		};
		3ABA6C2A28C60440005AA8E4 /* Build configuration list for PBXNativeTarget "BackgroundMaker" */ = {
			isa = XCConfigurationList;
			buildConfigurations = (
				3ABA6C2B28C60440005AA8E4 /* Debug */,
				3ABA6C2C28C60440005AA8E4 /* Release */,
			);
			defaultConfigurationIsVisible = 0;
			defaultConfigurationName = Release;
		};
		3AF9F01028ED570E00F685E6 /* Build configuration list for PBXNativeTarget "LockScreenWidgetExtension" */ = {
			isa = XCConfigurationList;
			buildConfigurations = (
				3AF9F01128ED570E00F685E6 /* Debug */,
				3AF9F01228ED570E00F685E6 /* Release */,
			);
			defaultConfigurationIsVisible = 0;
			defaultConfigurationName = Release;
		};
/* End XCConfigurationList section */

/* Begin XCRemoteSwiftPackageReference section */
		3A2E21FE290FFA2400E4F46A /* XCRemoteSwiftPackageReference "lottie-ios" */ = {
			isa = XCRemoteSwiftPackageReference;
			repositoryURL = "https://github.com/airbnb/lottie-ios.git";
			requirement = {
				kind = upToNextMinorVersion;
				minimumVersion = 3.5.0;
			};
		};
		3A8E3A0528E3E7B900390F8A /* XCRemoteSwiftPackageReference "RulerView" */ = {
			isa = XCRemoteSwiftPackageReference;
			repositoryURL = "https://github.com/selivandex/RulerView.git";
			requirement = {
				kind = upToNextMinorVersion;
				minimumVersion = 0.1.3;
			};
		};
		3A9D3DC628FD36A60085676B /* XCRemoteSwiftPackageReference "UIImageColors" */ = {
			isa = XCRemoteSwiftPackageReference;
			repositoryURL = "https://github.com/jathu/UIImageColors.git";
			requirement = {
				kind = upToNextMinorVersion;
				minimumVersion = 2.2.0;
			};
		};
		3ABA6C3128C60A7F005AA8E4 /* XCRemoteSwiftPackageReference "RxSwift" */ = {
			isa = XCRemoteSwiftPackageReference;
			repositoryURL = "https://github.com/ReactiveX/RxSwift.git";
			requirement = {
				kind = upToNextMinorVersion;
				minimumVersion = 6.5.0;
			};
		};
		3ABA6C3628C6361B005AA8E4 /* XCRemoteSwiftPackageReference "SnapKit" */ = {
			isa = XCRemoteSwiftPackageReference;
			repositoryURL = "https://github.com/SnapKit/SnapKit.git";
			requirement = {
				kind = upToNextMinorVersion;
				minimumVersion = 5.6.0;
			};
		};
/* End XCRemoteSwiftPackageReference section */

/* Begin XCSwiftPackageProductDependency section */
		3A2E21FF290FFA2400E4F46A /* Lottie */ = {
			isa = XCSwiftPackageProductDependency;
			package = 3A2E21FE290FFA2400E4F46A /* XCRemoteSwiftPackageReference "lottie-ios" */;
			productName = Lottie;
		};
		3A8E3A0628E3E7B900390F8A /* RulerView */ = {
			isa = XCSwiftPackageProductDependency;
			package = 3A8E3A0528E3E7B900390F8A /* XCRemoteSwiftPackageReference "RulerView" */;
			productName = RulerView;
		};
		3A9D3DC728FD36A60085676B /* UIImageColors */ = {
			isa = XCSwiftPackageProductDependency;
			package = 3A9D3DC628FD36A60085676B /* XCRemoteSwiftPackageReference "UIImageColors" */;
			productName = UIImageColors;
		};
		3ABA6C3228C60A7F005AA8E4 /* RxCocoa */ = {
			isa = XCSwiftPackageProductDependency;
			package = 3ABA6C3128C60A7F005AA8E4 /* XCRemoteSwiftPackageReference "RxSwift" */;
			productName = RxCocoa;
		};
		3ABA6C3428C60A7F005AA8E4 /* RxSwift */ = {
			isa = XCSwiftPackageProductDependency;
			package = 3ABA6C3128C60A7F005AA8E4 /* XCRemoteSwiftPackageReference "RxSwift" */;
			productName = RxSwift;
		};
		3ABA6C3728C6361B005AA8E4 /* SnapKit */ = {
			isa = XCSwiftPackageProductDependency;
			package = 3ABA6C3628C6361B005AA8E4 /* XCRemoteSwiftPackageReference "SnapKit" */;
			productName = SnapKit;
		};
/* End XCSwiftPackageProductDependency section */

/* Begin XCVersionGroup section */
		3AE9DC0B28F8F87B008A3316 /* BackgroundMaker.xcdatamodeld */ = {
			isa = XCVersionGroup;
			children = (
				3AE9DC0C28F8F87B008A3316 /* WidgetModel.xcdatamodel */,
			);
			currentVersion = 3AE9DC0C28F8F87B008A3316 /* WidgetModel.xcdatamodel */;
			name = BackgroundMaker.xcdatamodeld;
			path = WidgetMaker/Models/BackgroundMaker.xcdatamodeld;
			sourceTree = "<group>";
			versionGroupType = wrapper.xcdatamodel;
		};
/* End XCVersionGroup section */
	};
	rootObject = 3ABA6C0B28C6043F005AA8E4 /* Project object */;
}
