// !$*UTF8*$!
{
	archiveVersion = 1;
	classes = {
	};
	objectVersion = 54;
	objects = {

/* Begin PBXBuildFile section */
		3A112F9828C7409B00BC3E9D /* Concept.storyboard in Resources */ = {isa = PBXBuildFile; fileRef = 3A112F9728C7409B00BC3E9D /* Concept.storyboard */; };
		3A112F9A28C76B1300BC3E9D /* CustomCropView.swift in Sources */ = {isa = PBXBuildFile; fileRef = 3A112F9928C76B1300BC3E9D /* CustomCropView.swift */; };
		3A5E82B928C70A8E00C10AAC /* ImageEditModel.swift in Sources */ = {isa = PBXBuildFile; fileRef = 3A5E82B828C70A8E00C10AAC /* ImageEditModel.swift */; };
		3A5E82BC28C7393700C10AAC /* Mantis in Frameworks */ = {isa = PBXBuildFile; productRef = 3A5E82BB28C7393700C10AAC /* Mantis */; };
		3A82318F28C78F0700F958FE /* UIImage+Utils.swift in Sources */ = {isa = PBXBuildFile; fileRef = 3A82318E28C78F0700F958FE /* UIImage+Utils.swift */; };
		3ABA6C1728C6043F005AA8E4 /* AppDelegate.swift in Sources */ = {isa = PBXBuildFile; fileRef = 3ABA6C1628C6043F005AA8E4 /* AppDelegate.swift */; };
		3ABA6C1928C6043F005AA8E4 /* SceneDelegate.swift in Sources */ = {isa = PBXBuildFile; fileRef = 3ABA6C1828C6043F005AA8E4 /* SceneDelegate.swift */; };
		3ABA6C1B28C6043F005AA8E4 /* MainViewController.swift in Sources */ = {isa = PBXBuildFile; fileRef = 3ABA6C1A28C6043F005AA8E4 /* MainViewController.swift */; };
		3ABA6C2128C6043F005AA8E4 /* BackgroundMaker.xcdatamodeld in Sources */ = {isa = PBXBuildFile; fileRef = 3ABA6C1F28C6043F005AA8E4 /* BackgroundMaker.xcdatamodeld */; };
		3ABA6C2328C60440005AA8E4 /* Assets.xcassets in Resources */ = {isa = PBXBuildFile; fileRef = 3ABA6C2228C60440005AA8E4 /* Assets.xcassets */; };
		3ABA6C2628C60440005AA8E4 /* LaunchScreen.storyboard in Resources */ = {isa = PBXBuildFile; fileRef = 3ABA6C2428C60440005AA8E4 /* LaunchScreen.storyboard */; };
		3ABA6C3328C60A7F005AA8E4 /* RxCocoa in Frameworks */ = {isa = PBXBuildFile; productRef = 3ABA6C3228C60A7F005AA8E4 /* RxCocoa */; };
		3ABA6C3528C60A7F005AA8E4 /* RxSwift in Frameworks */ = {isa = PBXBuildFile; productRef = 3ABA6C3428C60A7F005AA8E4 /* RxSwift */; };
		3ABA6C3828C6361B005AA8E4 /* SnapKit in Frameworks */ = {isa = PBXBuildFile; productRef = 3ABA6C3728C6361B005AA8E4 /* SnapKit */; };
/* End PBXBuildFile section */

/* Begin PBXFileReference section */
		3A112F9728C7409B00BC3E9D /* Concept.storyboard */ = {isa = PBXFileReference; lastKnownFileType = file.storyboard; path = Concept.storyboard; sourceTree = "<group>"; };
		3A112F9928C76B1300BC3E9D /* CustomCropView.swift */ = {isa = PBXFileReference; lastKnownFileType = sourcecode.swift; path = CustomCropView.swift; sourceTree = "<group>"; };
		3A5E82B828C70A8E00C10AAC /* ImageEditModel.swift */ = {isa = PBXFileReference; lastKnownFileType = sourcecode.swift; path = ImageEditModel.swift; sourceTree = "<group>"; };
		3A82318E28C78F0700F958FE /* UIImage+Utils.swift */ = {isa = PBXFileReference; lastKnownFileType = sourcecode.swift; path = "UIImage+Utils.swift"; sourceTree = "<group>"; };
		3ABA6C1328C6043F005AA8E4 /* BackgroundMaker.app */ = {isa = PBXFileReference; explicitFileType = wrapper.application; includeInIndex = 0; path = BackgroundMaker.app; sourceTree = BUILT_PRODUCTS_DIR; };
		3ABA6C1628C6043F005AA8E4 /* AppDelegate.swift */ = {isa = PBXFileReference; lastKnownFileType = sourcecode.swift; path = AppDelegate.swift; sourceTree = "<group>"; };
		3ABA6C1828C6043F005AA8E4 /* SceneDelegate.swift */ = {isa = PBXFileReference; lastKnownFileType = sourcecode.swift; path = SceneDelegate.swift; sourceTree = "<group>"; };
		3ABA6C1A28C6043F005AA8E4 /* MainViewController.swift */ = {isa = PBXFileReference; lastKnownFileType = sourcecode.swift; path = MainViewController.swift; sourceTree = "<group>"; };
		3ABA6C2028C6043F005AA8E4 /* BackgroundMaker.xcdatamodel */ = {isa = PBXFileReference; lastKnownFileType = wrapper.xcdatamodel; path = BackgroundMaker.xcdatamodel; sourceTree = "<group>"; };
		3ABA6C2228C60440005AA8E4 /* Assets.xcassets */ = {isa = PBXFileReference; lastKnownFileType = folder.assetcatalog; path = Assets.xcassets; sourceTree = "<group>"; };
		3ABA6C2528C60440005AA8E4 /* Base */ = {isa = PBXFileReference; lastKnownFileType = file.storyboard; name = Base; path = Base.lproj/LaunchScreen.storyboard; sourceTree = "<group>"; };
		3ABA6C2728C60440005AA8E4 /* Info.plist */ = {isa = PBXFileReference; lastKnownFileType = text.plist.xml; path = Info.plist; sourceTree = "<group>"; };
/* End PBXFileReference section */

/* Begin PBXFrameworksBuildPhase section */
		3ABA6C1028C6043F005AA8E4 /* Frameworks */ = {
			isa = PBXFrameworksBuildPhase;
			buildActionMask = 2147483647;
			files = (
				3ABA6C3828C6361B005AA8E4 /* SnapKit in Frameworks */,
				3ABA6C3528C60A7F005AA8E4 /* RxSwift in Frameworks */,
				3A5E82BC28C7393700C10AAC /* Mantis in Frameworks */,
				3ABA6C3328C60A7F005AA8E4 /* RxCocoa in Frameworks */,
			);
			runOnlyForDeploymentPostprocessing = 0;
		};
/* End PBXFrameworksBuildPhase section */

/* Begin PBXGroup section */
		3A0F429E28C89742002F1CAD /* Extension+Utils */ = {
			isa = PBXGroup;
			children = (
				3A82318E28C78F0700F958FE /* UIImage+Utils.swift */,
			);
			path = "Extension+Utils";
			sourceTree = "<group>";
		};
		3ABA6C0A28C6043F005AA8E4 = {
			isa = PBXGroup;
			children = (
				3ABA6C1528C6043F005AA8E4 /* BackgroundMaker */,
				3ABA6C1428C6043F005AA8E4 /* Products */,
			);
			sourceTree = "<group>";
		};
		3ABA6C1428C6043F005AA8E4 /* Products */ = {
			isa = PBXGroup;
			children = (
				3ABA6C1328C6043F005AA8E4 /* BackgroundMaker.app */,
			);
			name = Products;
			sourceTree = "<group>";
		};
		3ABA6C1528C6043F005AA8E4 /* BackgroundMaker */ = {
			isa = PBXGroup;
			children = (
				3ABA6C1628C6043F005AA8E4 /* AppDelegate.swift */,
				3ABA6C1828C6043F005AA8E4 /* SceneDelegate.swift */,
				3ABA6C1A28C6043F005AA8E4 /* MainViewController.swift */,
				3A5E82B828C70A8E00C10AAC /* ImageEditModel.swift */,
				3A0F429E28C89742002F1CAD /* Extension+Utils */,
				3A112F9928C76B1300BC3E9D /* CustomCropView.swift */,
				3ABA6C2D28C60465005AA8E4 /* Files */,
			);
			path = BackgroundMaker;
			sourceTree = "<group>";
		};
		3ABA6C2D28C60465005AA8E4 /* Files */ = {
			isa = PBXGroup;
			children = (
				3A112F9728C7409B00BC3E9D /* Concept.storyboard */,
				3ABA6C2228C60440005AA8E4 /* Assets.xcassets */,
				3ABA6C2428C60440005AA8E4 /* LaunchScreen.storyboard */,
				3ABA6C2728C60440005AA8E4 /* Info.plist */,
				3ABA6C1F28C6043F005AA8E4 /* BackgroundMaker.xcdatamodeld */,
			);
			name = Files;
			sourceTree = "<group>";
		};
/* End PBXGroup section */

/* Begin PBXNativeTarget section */
		3ABA6C1228C6043F005AA8E4 /* BackgroundMaker */ = {
			isa = PBXNativeTarget;
			buildConfigurationList = 3ABA6C2A28C60440005AA8E4 /* Build configuration list for PBXNativeTarget "BackgroundMaker" */;
			buildPhases = (
				3ABA6C0F28C6043F005AA8E4 /* Sources */,
				3ABA6C1028C6043F005AA8E4 /* Frameworks */,
				3ABA6C1128C6043F005AA8E4 /* Resources */,
			);
			buildRules = (
			);
			dependencies = (
			);
			name = BackgroundMaker;
			packageProductDependencies = (
				3ABA6C3228C60A7F005AA8E4 /* RxCocoa */,
				3ABA6C3428C60A7F005AA8E4 /* RxSwift */,
				3ABA6C3728C6361B005AA8E4 /* SnapKit */,
				3A5E82BB28C7393700C10AAC /* Mantis */,
			);
			productName = BackgroundMaker;
			productReference = 3ABA6C1328C6043F005AA8E4 /* BackgroundMaker.app */;
			productType = "com.apple.product-type.application";
		};
/* End PBXNativeTarget section */

/* Begin PBXProject section */
		3ABA6C0B28C6043F005AA8E4 /* Project object */ = {
			isa = PBXProject;
			attributes = {
				BuildIndependentTargetsInParallel = 1;
				LastSwiftUpdateCheck = 1400;
				LastUpgradeCheck = 1400;
				TargetAttributes = {
					3ABA6C1228C6043F005AA8E4 = {
						CreatedOnToolsVersion = 14.0;
					};
				};
			};
			buildConfigurationList = 3ABA6C0E28C6043F005AA8E4 /* Build configuration list for PBXProject "BackgroundMaker" */;
			compatibilityVersion = "Xcode 12.0";
			developmentRegion = en;
			hasScannedForEncodings = 0;
			knownRegions = (
				en,
				Base,
			);
			mainGroup = 3ABA6C0A28C6043F005AA8E4;
			packageReferences = (
				3ABA6C3128C60A7F005AA8E4 /* XCRemoteSwiftPackageReference "RxSwift" */,
				3ABA6C3628C6361B005AA8E4 /* XCRemoteSwiftPackageReference "SnapKit" */,
				3A5E82BA28C7393700C10AAC /* XCRemoteSwiftPackageReference "Mantis" */,
			);
			productRefGroup = 3ABA6C1428C6043F005AA8E4 /* Products */;
			projectDirPath = "";
			projectRoot = "";
			targets = (
				3ABA6C1228C6043F005AA8E4 /* BackgroundMaker */,
			);
		};
/* End PBXProject section */

/* Begin PBXResourcesBuildPhase section */
		3ABA6C1128C6043F005AA8E4 /* Resources */ = {
			isa = PBXResourcesBuildPhase;
			buildActionMask = 2147483647;
			files = (
				3A112F9828C7409B00BC3E9D /* Concept.storyboard in Resources */,
				3ABA6C2628C60440005AA8E4 /* LaunchScreen.storyboard in Resources */,
				3ABA6C2328C60440005AA8E4 /* Assets.xcassets in Resources */,
			);
			runOnlyForDeploymentPostprocessing = 0;
		};
/* End PBXResourcesBuildPhase section */

/* Begin PBXSourcesBuildPhase section */
		3ABA6C0F28C6043F005AA8E4 /* Sources */ = {
			isa = PBXSourcesBuildPhase;
			buildActionMask = 2147483647;
			files = (
				3ABA6C2128C6043F005AA8E4 /* BackgroundMaker.xcdatamodeld in Sources */,
				3ABA6C1B28C6043F005AA8E4 /* MainViewController.swift in Sources */,
				3ABA6C1728C6043F005AA8E4 /* AppDelegate.swift in Sources */,
				3A5E82B928C70A8E00C10AAC /* ImageEditModel.swift in Sources */,
				3A82318F28C78F0700F958FE /* UIImage+Utils.swift in Sources */,
				3ABA6C1928C6043F005AA8E4 /* SceneDelegate.swift in Sources */,
				3A112F9A28C76B1300BC3E9D /* CustomCropView.swift in Sources */,
			);
			runOnlyForDeploymentPostprocessing = 0;
		};
/* End PBXSourcesBuildPhase section */

/* Begin PBXVariantGroup section */
		3ABA6C2428C60440005AA8E4 /* LaunchScreen.storyboard */ = {
			isa = PBXVariantGroup;
			children = (
				3ABA6C2528C60440005AA8E4 /* Base */,
			);
			name = LaunchScreen.storyboard;
			sourceTree = "<group>";
		};
/* End PBXVariantGroup section */

/* Begin XCBuildConfiguration section */
		3ABA6C2828C60440005AA8E4 /* Debug */ = {
			isa = XCBuildConfiguration;
			buildSettings = {
				ALWAYS_SEARCH_USER_PATHS = NO;
				CLANG_ANALYZER_NONNULL = YES;
				CLANG_ANALYZER_NUMBER_OBJECT_CONVERSION = YES_AGGRESSIVE;
				CLANG_CXX_LANGUAGE_STANDARD = "gnu++20";
				CLANG_ENABLE_MODULES = YES;
				CLANG_ENABLE_OBJC_ARC = YES;
				CLANG_ENABLE_OBJC_WEAK = YES;
				CLANG_WARN_BLOCK_CAPTURE_AUTORELEASING = YES;
				CLANG_WARN_BOOL_CONVERSION = YES;
				CLANG_WARN_COMMA = YES;
				CLANG_WARN_CONSTANT_CONVERSION = YES;
				CLANG_WARN_DEPRECATED_OBJC_IMPLEMENTATIONS = YES;
				CLANG_WARN_DIRECT_OBJC_ISA_USAGE = YES_ERROR;
				CLANG_WARN_DOCUMENTATION_COMMENTS = YES;
				CLANG_WARN_EMPTY_BODY = YES;
				CLANG_WARN_ENUM_CONVERSION = YES;
				CLANG_WARN_INFINITE_RECURSION = YES;
				CLANG_WARN_INT_CONVERSION = YES;
				CLANG_WARN_NON_LITERAL_NULL_CONVERSION = YES;
				CLANG_WARN_OBJC_IMPLICIT_RETAIN_SELF = YES;
				CLANG_WARN_OBJC_LITERAL_CONVERSION = YES;
				CLANG_WARN_OBJC_ROOT_CLASS = YES_ERROR;
				CLANG_WARN_QUOTED_INCLUDE_IN_FRAMEWORK_HEADER = YES;
				CLANG_WARN_RANGE_LOOP_ANALYSIS = YES;
				CLANG_WARN_STRICT_PROTOTYPES = YES;
				CLANG_WARN_SUSPICIOUS_MOVE = YES;
				CLANG_WARN_UNGUARDED_AVAILABILITY = YES_AGGRESSIVE;
				CLANG_WARN_UNREACHABLE_CODE = YES;
				CLANG_WARN__DUPLICATE_METHOD_MATCH = YES;
				COPY_PHASE_STRIP = NO;
				DEBUG_INFORMATION_FORMAT = dwarf;
				ENABLE_STRICT_OBJC_MSGSEND = YES;
				ENABLE_TESTABILITY = YES;
				GCC_C_LANGUAGE_STANDARD = gnu11;
				GCC_DYNAMIC_NO_PIC = NO;
				GCC_NO_COMMON_BLOCKS = YES;
				GCC_OPTIMIZATION_LEVEL = 0;
				GCC_PREPROCESSOR_DEFINITIONS = (
					"DEBUG=1",
					"$(inherited)",
				);
				GCC_WARN_64_TO_32_BIT_CONVERSION = YES;
				GCC_WARN_ABOUT_RETURN_TYPE = YES_ERROR;
				GCC_WARN_UNDECLARED_SELECTOR = YES;
				GCC_WARN_UNINITIALIZED_AUTOS = YES_AGGRESSIVE;
				GCC_WARN_UNUSED_FUNCTION = YES;
				GCC_WARN_UNUSED_VARIABLE = YES;
				IPHONEOS_DEPLOYMENT_TARGET = 14.0;
				MTL_ENABLE_DEBUG_INFO = INCLUDE_SOURCE;
				MTL_FAST_MATH = YES;
				ONLY_ACTIVE_ARCH = YES;
				SDKROOT = iphoneos;
				SWIFT_ACTIVE_COMPILATION_CONDITIONS = DEBUG;
				SWIFT_OPTIMIZATION_LEVEL = "-Onone";
			};
			name = Debug;
		};
		3ABA6C2928C60440005AA8E4 /* Release */ = {
			isa = XCBuildConfiguration;
			buildSettings = {
				ALWAYS_SEARCH_USER_PATHS = NO;
				CLANG_ANALYZER_NONNULL = YES;
				CLANG_ANALYZER_NUMBER_OBJECT_CONVERSION = YES_AGGRESSIVE;
				CLANG_CXX_LANGUAGE_STANDARD = "gnu++20";
				CLANG_ENABLE_MODULES = YES;
				CLANG_ENABLE_OBJC_ARC = YES;
				CLANG_ENABLE_OBJC_WEAK = YES;
				CLANG_WARN_BLOCK_CAPTURE_AUTORELEASING = YES;
				CLANG_WARN_BOOL_CONVERSION = YES;
				CLANG_WARN_COMMA = YES;
				CLANG_WARN_CONSTANT_CONVERSION = YES;
				CLANG_WARN_DEPRECATED_OBJC_IMPLEMENTATIONS = YES;
				CLANG_WARN_DIRECT_OBJC_ISA_USAGE = YES_ERROR;
				CLANG_WARN_DOCUMENTATION_COMMENTS = YES;
				CLANG_WARN_EMPTY_BODY = YES;
				CLANG_WARN_ENUM_CONVERSION = YES;
				CLANG_WARN_INFINITE_RECURSION = YES;
				CLANG_WARN_INT_CONVERSION = YES;
				CLANG_WARN_NON_LITERAL_NULL_CONVERSION = YES;
				CLANG_WARN_OBJC_IMPLICIT_RETAIN_SELF = YES;
				CLANG_WARN_OBJC_LITERAL_CONVERSION = YES;
				CLANG_WARN_OBJC_ROOT_CLASS = YES_ERROR;
				CLANG_WARN_QUOTED_INCLUDE_IN_FRAMEWORK_HEADER = YES;
				CLANG_WARN_RANGE_LOOP_ANALYSIS = YES;
				CLANG_WARN_STRICT_PROTOTYPES = YES;
				CLANG_WARN_SUSPICIOUS_MOVE = YES;
				CLANG_WARN_UNGUARDED_AVAILABILITY = YES_AGGRESSIVE;
				CLANG_WARN_UNREACHABLE_CODE = YES;
				CLANG_WARN__DUPLICATE_METHOD_MATCH = YES;
				COPY_PHASE_STRIP = NO;
				DEBUG_INFORMATION_FORMAT = "dwarf-with-dsym";
				ENABLE_NS_ASSERTIONS = NO;
				ENABLE_STRICT_OBJC_MSGSEND = YES;
				GCC_C_LANGUAGE_STANDARD = gnu11;
				GCC_NO_COMMON_BLOCKS = YES;
				GCC_WARN_64_TO_32_BIT_CONVERSION = YES;
				GCC_WARN_ABOUT_RETURN_TYPE = YES_ERROR;
				GCC_WARN_UNDECLARED_SELECTOR = YES;
				GCC_WARN_UNINITIALIZED_AUTOS = YES_AGGRESSIVE;
				GCC_WARN_UNUSED_FUNCTION = YES;
				GCC_WARN_UNUSED_VARIABLE = YES;
				IPHONEOS_DEPLOYMENT_TARGET = 14.0;
				MTL_ENABLE_DEBUG_INFO = NO;
				MTL_FAST_MATH = YES;
				SDKROOT = iphoneos;
				SWIFT_COMPILATION_MODE = wholemodule;
				SWIFT_OPTIMIZATION_LEVEL = "-O";
				VALIDATE_PRODUCT = YES;
			};
			name = Release;
		};
		3ABA6C2B28C60440005AA8E4 /* Debug */ = {
			isa = XCBuildConfiguration;
			buildSettings = {
				ASSETCATALOG_COMPILER_APPICON_NAME = AppIcon;
				ASSETCATALOG_COMPILER_GLOBAL_ACCENT_COLOR_NAME = AccentColor;
				CODE_SIGN_STYLE = Automatic;
				CURRENT_PROJECT_VERSION = 1;
				DEVELOPMENT_TEAM = ZH5GA3W8UP;
				GENERATE_INFOPLIST_FILE = YES;
				INFOPLIST_FILE = BackgroundMaker/Info.plist;
				INFOPLIST_KEY_NSPhotoLibraryUsageDescription = "사진을 편집하기 위해 라이브러리 접근권한을 요청합니다.";
				INFOPLIST_KEY_UIApplicationSupportsIndirectInputEvents = YES;
				INFOPLIST_KEY_UILaunchStoryboardName = LaunchScreen;
				INFOPLIST_KEY_UISupportedInterfaceOrientations_iPad = "UIInterfaceOrientationPortrait UIInterfaceOrientationPortraitUpsideDown UIInterfaceOrientationLandscapeLeft UIInterfaceOrientationLandscapeRight";
				INFOPLIST_KEY_UISupportedInterfaceOrientations_iPhone = "UIInterfaceOrientationPortrait UIInterfaceOrientationLandscapeLeft UIInterfaceOrientationLandscapeRight";
				IPHONEOS_DEPLOYMENT_TARGET = 14.0;
				LD_RUNPATH_SEARCH_PATHS = (
					"$(inherited)",
					"@executable_path/Frameworks",
				);
				MARKETING_VERSION = 1.0;
				PRODUCT_BUNDLE_IDENTIFIER = com.weizen.BackgroundMaker;
				PRODUCT_NAME = "$(TARGET_NAME)";
				SWIFT_EMIT_LOC_STRINGS = YES;
				SWIFT_VERSION = 5.0;
				TARGETED_DEVICE_FAMILY = "1,2";
			};
			name = Debug;
		};
		3ABA6C2C28C60440005AA8E4 /* Release */ = {
			isa = XCBuildConfiguration;
			buildSettings = {
				ASSETCATALOG_COMPILER_APPICON_NAME = AppIcon;
				ASSETCATALOG_COMPILER_GLOBAL_ACCENT_COLOR_NAME = AccentColor;
				CODE_SIGN_STYLE = Automatic;
				CURRENT_PROJECT_VERSION = 1;
				DEVELOPMENT_TEAM = ZH5GA3W8UP;
				GENERATE_INFOPLIST_FILE = YES;
				INFOPLIST_FILE = BackgroundMaker/Info.plist;
				INFOPLIST_KEY_NSPhotoLibraryUsageDescription = "사진을 편집하기 위해 라이브러리 접근권한을 요청합니다.";
				INFOPLIST_KEY_UIApplicationSupportsIndirectInputEvents = YES;
				INFOPLIST_KEY_UILaunchStoryboardName = LaunchScreen;
				INFOPLIST_KEY_UISupportedInterfaceOrientations_iPad = "UIInterfaceOrientationPortrait UIInterfaceOrientationPortraitUpsideDown UIInterfaceOrientationLandscapeLeft UIInterfaceOrientationLandscapeRight";
				INFOPLIST_KEY_UISupportedInterfaceOrientations_iPhone = "UIInterfaceOrientationPortrait UIInterfaceOrientationLandscapeLeft UIInterfaceOrientationLandscapeRight";
				IPHONEOS_DEPLOYMENT_TARGET = 14.0;
				LD_RUNPATH_SEARCH_PATHS = (
					"$(inherited)",
					"@executable_path/Frameworks",
				);
				MARKETING_VERSION = 1.0;
				PRODUCT_BUNDLE_IDENTIFIER = com.weizen.BackgroundMaker;
				PRODUCT_NAME = "$(TARGET_NAME)";
				SWIFT_EMIT_LOC_STRINGS = YES;
				SWIFT_VERSION = 5.0;
				TARGETED_DEVICE_FAMILY = "1,2";
			};
			name = Release;
		};
/* End XCBuildConfiguration section */

/* Begin XCConfigurationList section */
		3ABA6C0E28C6043F005AA8E4 /* Build configuration list for PBXProject "BackgroundMaker" */ = {
			isa = XCConfigurationList;
			buildConfigurations = (
				3ABA6C2828C60440005AA8E4 /* Debug */,
				3ABA6C2928C60440005AA8E4 /* Release */,
			);
			defaultConfigurationIsVisible = 0;
			defaultConfigurationName = Release;
		};
		3ABA6C2A28C60440005AA8E4 /* Build configuration list for PBXNativeTarget "BackgroundMaker" */ = {
			isa = XCConfigurationList;
			buildConfigurations = (
				3ABA6C2B28C60440005AA8E4 /* Debug */,
				3ABA6C2C28C60440005AA8E4 /* Release */,
			);
			defaultConfigurationIsVisible = 0;
			defaultConfigurationName = Release;
		};
/* End XCConfigurationList section */

/* Begin XCRemoteSwiftPackageReference section */
		3A5E82BA28C7393700C10AAC /* XCRemoteSwiftPackageReference "Mantis" */ = {
			isa = XCRemoteSwiftPackageReference;
			repositoryURL = "https://github.com/guoyingtao/Mantis.git";
			requirement = {
				kind = upToNextMinorVersion;
				minimumVersion = 1.7.0;
			};
		};
		3ABA6C3128C60A7F005AA8E4 /* XCRemoteSwiftPackageReference "RxSwift" */ = {
			isa = XCRemoteSwiftPackageReference;
			repositoryURL = "https://github.com/ReactiveX/RxSwift.git";
			requirement = {
				kind = upToNextMinorVersion;
				minimumVersion = 6.5.0;
			};
		};
		3ABA6C3628C6361B005AA8E4 /* XCRemoteSwiftPackageReference "SnapKit" */ = {
			isa = XCRemoteSwiftPackageReference;
			repositoryURL = "https://github.com/SnapKit/SnapKit.git";
			requirement = {
				kind = upToNextMinorVersion;
				minimumVersion = 5.6.0;
			};
		};
/* End XCRemoteSwiftPackageReference section */

/* Begin XCSwiftPackageProductDependency section */
		3A5E82BB28C7393700C10AAC /* Mantis */ = {
			isa = XCSwiftPackageProductDependency;
			package = 3A5E82BA28C7393700C10AAC /* XCRemoteSwiftPackageReference "Mantis" */;
			productName = Mantis;
		};
		3ABA6C3228C60A7F005AA8E4 /* RxCocoa */ = {
			isa = XCSwiftPackageProductDependency;
			package = 3ABA6C3128C60A7F005AA8E4 /* XCRemoteSwiftPackageReference "RxSwift" */;
			productName = RxCocoa;
		};
		3ABA6C3428C60A7F005AA8E4 /* RxSwift */ = {
			isa = XCSwiftPackageProductDependency;
			package = 3ABA6C3128C60A7F005AA8E4 /* XCRemoteSwiftPackageReference "RxSwift" */;
			productName = RxSwift;
		};
		3ABA6C3728C6361B005AA8E4 /* SnapKit */ = {
			isa = XCSwiftPackageProductDependency;
			package = 3ABA6C3628C6361B005AA8E4 /* XCRemoteSwiftPackageReference "SnapKit" */;
			productName = SnapKit;
		};
/* End XCSwiftPackageProductDependency section */

/* Begin XCVersionGroup section */
		3ABA6C1F28C6043F005AA8E4 /* BackgroundMaker.xcdatamodeld */ = {
			isa = XCVersionGroup;
			children = (
				3ABA6C2028C6043F005AA8E4 /* BackgroundMaker.xcdatamodel */,
			);
			currentVersion = 3ABA6C2028C6043F005AA8E4 /* BackgroundMaker.xcdatamodel */;
			path = BackgroundMaker.xcdatamodeld;
			sourceTree = "<group>";
			versionGroupType = wrapper.xcdatamodel;
		};
/* End XCVersionGroup section */
	};
	rootObject = 3ABA6C0B28C6043F005AA8E4 /* Project object */;
}
