// !$*UTF8*$!
{
	archiveVersion = 1;
	classes = {
	};
	objectVersion = 56;
	objects = {

/* Begin PBXBuildFile section */
		3A00CA662931EFBE004FBF80 /* EditTextField.swift in Sources */ = {isa = PBXBuildFile; fileRef = 3A00CA652931EFBE004FBF80 /* EditTextField.swift */; };
		3A00CA692931F3F1004FBF80 /* StorageProvider.swift in Sources */ = {isa = PBXBuildFile; fileRef = 3A00CA682931F3F1004FBF80 /* StorageProvider.swift */; };
		3A0566CE2931E87D007B0A7A /* WidgetIconViewForDeepLink.swift in Sources */ = {isa = PBXBuildFile; fileRef = 3A0566CD2931E87D007B0A7A /* WidgetIconViewForDeepLink.swift */; };
		3A0566D12931E964007B0A7A /* WidgetButtonToMake.swift in Sources */ = {isa = PBXBuildFile; fileRef = 3A0566D02931E964007B0A7A /* WidgetButtonToMake.swift */; };
		3A0566D32931E9A0007B0A7A /* WidgetCollectionView.swift in Sources */ = {isa = PBXBuildFile; fileRef = 3A0566D22931E9A0007B0A7A /* WidgetCollectionView.swift */; };
		3A0566D52931E9F2007B0A7A /* WidgetGridView.swift in Sources */ = {isa = PBXBuildFile; fileRef = 3A0566D42931E9F2007B0A7A /* WidgetGridView.swift */; };
		3A0842002938A67D009BED73 /* NoticeList.swift in Sources */ = {isa = PBXBuildFile; fileRef = 3A0841FF2938A67D009BED73 /* NoticeList.swift */; };
		3A0842022938AA94009BED73 /* NoticeCell.swift in Sources */ = {isa = PBXBuildFile; fileRef = 3A0842012938AA94009BED73 /* NoticeCell.swift */; };
		3A0842042938ABDD009BED73 /* NoticeContentView.swift in Sources */ = {isa = PBXBuildFile; fileRef = 3A0842032938ABDD009BED73 /* NoticeContentView.swift */; };
		3A08BD03292FCA0900E09B3E /* SettingView.swift in Sources */ = {isa = PBXBuildFile; fileRef = 3A08BD02292FCA0900E09B3E /* SettingView.swift */; };
		3A0ADDB9292CC9DE006E8EA5 /* MakeWidgetView.swift in Sources */ = {isa = PBXBuildFile; fileRef = 3A0ADDB8292CC9DE006E8EA5 /* MakeWidgetView.swift */; };
		3A0ADDBB292CEAF0006E8EA5 /* WidgetAssetList.swift in Sources */ = {isa = PBXBuildFile; fileRef = 3A0ADDBA292CEAF0006E8EA5 /* WidgetAssetList.swift */; };
		3A0C03422935131600868B70 /* PhotoEditMenu.swift in Sources */ = {isa = PBXBuildFile; fileRef = 3A0C03412935131600868B70 /* PhotoEditMenu.swift */; };
		3A1CD19728F9710200AC5D1C /* AppDelegate.swift in Sources */ = {isa = PBXBuildFile; fileRef = 3ABA6C1628C6043F005AA8E4 /* AppDelegate.swift */; };
		3A1CD19828F9710E00AC5D1C /* GlobalConstants.swift in Sources */ = {isa = PBXBuildFile; fileRef = 3A9BC0D528E6CD4C0041DA1B /* GlobalConstants.swift */; };
		3A1CD19A28F971A800AC5D1C /* CoreData.swift in Sources */ = {isa = PBXBuildFile; fileRef = 3A1CD19928F971A800AC5D1C /* CoreData.swift */; };
		3A1CD19D28F9819300AC5D1C /* Constants.swift in Sources */ = {isa = PBXBuildFile; fileRef = 3A9BC0D928E6E1AE0041DA1B /* Constants.swift */; };
		3A1CD19E28F9819400AC5D1C /* Constants.swift in Sources */ = {isa = PBXBuildFile; fileRef = 3A9BC0D928E6E1AE0041DA1B /* Constants.swift */; };
		3A1CD1A128F9891C00AC5D1C /* CoreData.swift in Sources */ = {isa = PBXBuildFile; fileRef = 3A1CD19928F971A800AC5D1C /* CoreData.swift */; };
		3A1CD1A228F9891C00AC5D1C /* CoreData.swift in Sources */ = {isa = PBXBuildFile; fileRef = 3A1CD19928F971A800AC5D1C /* CoreData.swift */; };
		3A2E21FD290FF9F800E4F46A /* downArrow.json in Resources */ = {isa = PBXBuildFile; fileRef = 3A2E21FC290FF9F800E4F46A /* downArrow.json */; };
		3A2F307928F41F0E00404721 /* UIDevice+Utils.swift in Sources */ = {isa = PBXBuildFile; fileRef = 3A2F307828F41F0E00404721 /* UIDevice+Utils.swift */; };
		3A3C118D28EDAEC600C9CCED /* LockScreenWidgetIntents.intentdefinition in Sources */ = {isa = PBXBuildFile; fileRef = 3A3C118C28EDAEC600C9CCED /* LockScreenWidgetIntents.intentdefinition */; settings = {ATTRIBUTES = (codegen, ); }; };
		3A3C118E28EDB1B700C9CCED /* LockScreenWidgetIntents.intentdefinition in Sources */ = {isa = PBXBuildFile; fileRef = 3A3C118C28EDAEC600C9CCED /* LockScreenWidgetIntents.intentdefinition */; settings = {ATTRIBUTES = (codegen, ); }; };
		3A3C119428EDB4B800C9CCED /* Intents.framework in Frameworks */ = {isa = PBXBuildFile; fileRef = 3A94E19D28EC1B950050EE80 /* Intents.framework */; };
		3A3C119728EDB4B800C9CCED /* IntentHandler.swift in Sources */ = {isa = PBXBuildFile; fileRef = 3A3C119628EDB4B800C9CCED /* IntentHandler.swift */; };
		3A3C119B28EDB4B800C9CCED /* LockScreenIntentsExtension.appex in Embed Foundation Extensions */ = {isa = PBXBuildFile; fileRef = 3A3C119328EDB4B800C9CCED /* LockScreenIntentsExtension.appex */; settings = {ATTRIBUTES = (RemoveHeadersOnCopy, ); }; };
		3A3C119F28EDB5B400C9CCED /* LockScreenWidgetIntents.intentdefinition in Sources */ = {isa = PBXBuildFile; fileRef = 3A3C118C28EDAEC600C9CCED /* LockScreenWidgetIntents.intentdefinition */; settings = {ATTRIBUTES = (codegen, ); }; };
		3A3C11A328EDC14700C9CCED /* DefaultWidgetManager.swift in Sources */ = {isa = PBXBuildFile; fileRef = 3A3C11A228EDC14700C9CCED /* DefaultWidgetManager.swift */; };
		3A40E1AE28EED35D00A646FA /* Assets.xcassets in Resources */ = {isa = PBXBuildFile; fileRef = 3ABA6C2228C60440005AA8E4 /* Assets.xcassets */; };
		3A40E1AF28EED35E00A646FA /* Assets.xcassets in Resources */ = {isa = PBXBuildFile; fileRef = 3ABA6C2228C60440005AA8E4 /* Assets.xcassets */; };
		3A559C7028EB1D4900D5D9E4 /* AppColors.swift in Sources */ = {isa = PBXBuildFile; fileRef = 3A559C6F28EB1D4900D5D9E4 /* AppColors.swift */; };
		3A668E88294990A100BD7A4C /* Lottie in Frameworks */ = {isa = PBXBuildFile; productRef = 3A668E87294990A100BD7A4C /* Lottie */; };
		3A8339D72932165B00DC9527 /* EditingToggleButton.swift in Sources */ = {isa = PBXBuildFile; fileRef = 3A8339D62932165B00DC9527 /* EditingToggleButton.swift */; };
		3A8339D92932167500DC9527 /* DetailWidgetButton.swift in Sources */ = {isa = PBXBuildFile; fileRef = 3A8339D82932167500DC9527 /* DetailWidgetButton.swift */; };
		3A8F8E832939AF5C0065DC80 /* MainSegmentView.swift in Sources */ = {isa = PBXBuildFile; fileRef = 3A8F8E822939AF5C0065DC80 /* MainSegmentView.swift */; };
		3A9BC0D628E6CD4C0041DA1B /* GlobalConstants.swift in Sources */ = {isa = PBXBuildFile; fileRef = 3A9BC0D528E6CD4C0041DA1B /* GlobalConstants.swift */; };
		3A9BC0DA28E6E1AE0041DA1B /* Constants.swift in Sources */ = {isa = PBXBuildFile; fileRef = 3A9BC0D928E6E1AE0041DA1B /* Constants.swift */; };
		3A9C0500292DB03C00442017 /* PhotoPicker.swift in Sources */ = {isa = PBXBuildFile; fileRef = 3A9C04FF292DB03C00442017 /* PhotoPicker.swift */; };
		3A9C0505292DDB6D00442017 /* LinkWidgetModel.swift in Sources */ = {isa = PBXBuildFile; fileRef = 3A9C0504292DDB6D00442017 /* LinkWidgetModel.swift */; };
		3A9EABB628E5DA9300ED2BF2 /* UIColor+Utils.swift in Sources */ = {isa = PBXBuildFile; fileRef = 3A9EABB528E5DA9300ED2BF2 /* UIColor+Utils.swift */; };
		3ABA6C1728C6043F005AA8E4 /* AppDelegate.swift in Sources */ = {isa = PBXBuildFile; fileRef = 3ABA6C1628C6043F005AA8E4 /* AppDelegate.swift */; };
		3ABA6C1928C6043F005AA8E4 /* SceneDelegate.swift in Sources */ = {isa = PBXBuildFile; fileRef = 3ABA6C1828C6043F005AA8E4 /* SceneDelegate.swift */; };
		3ABA6C2328C60440005AA8E4 /* Assets.xcassets in Resources */ = {isa = PBXBuildFile; fileRef = 3ABA6C2228C60440005AA8E4 /* Assets.xcassets */; };
		3ABA6C2628C60440005AA8E4 /* LaunchScreen.storyboard in Resources */ = {isa = PBXBuildFile; fileRef = 3ABA6C2428C60440005AA8E4 /* LaunchScreen.storyboard */; };
		3ABD50FF292945EB00F878AE /* WidgetCoreData.swift in Sources */ = {isa = PBXBuildFile; fileRef = 3ABD50FE292945EB00F878AE /* WidgetCoreData.swift */; };
		3ABFEFBD292E70A900455730 /* FilterWidgetModel.swift in Sources */ = {isa = PBXBuildFile; fileRef = 3ABFEFBC292E70A900455730 /* FilterWidgetModel.swift */; };
		3ABFEFC1292F136B00455730 /* DetailWidgetView.swift in Sources */ = {isa = PBXBuildFile; fileRef = 3ABFEFC0292F136B00455730 /* DetailWidgetView.swift */; };
		3ABFEFC5292F214200455730 /* MainWidgetView.swift in Sources */ = {isa = PBXBuildFile; fileRef = 3ABFEFC4292F214200455730 /* MainWidgetView.swift */; };
		3ABFEFC7292F481F00455730 /* TestDeepLink.swift in Sources */ = {isa = PBXBuildFile; fileRef = 3ABFEFC6292F481F00455730 /* TestDeepLink.swift */; };
		3ABFEFCA292F4D1400455730 /* BlurBackgroundView.swift in Sources */ = {isa = PBXBuildFile; fileRef = 3ABFEFC9292F4D1400455730 /* BlurBackgroundView.swift */; };
		3ACCB34C294C33C300A85E0F /* AppColors.swift in Sources */ = {isa = PBXBuildFile; fileRef = 3A559C6F28EB1D4900D5D9E4 /* AppColors.swift */; };
		3ACCB34D294C33C300A85E0F /* UIColor+Utils.swift in Sources */ = {isa = PBXBuildFile; fileRef = 3A9EABB528E5DA9300ED2BF2 /* UIColor+Utils.swift */; };
		3ACCB34E294C33C300A85E0F /* UIDevice+Utils.swift in Sources */ = {isa = PBXBuildFile; fileRef = 3A2F307828F41F0E00404721 /* UIDevice+Utils.swift */; };
		3ACCB350294C37BF00A85E0F /* SettingButtonLabel.swift in Sources */ = {isa = PBXBuildFile; fileRef = 3ACCB34F294C37BF00A85E0F /* SettingButtonLabel.swift */; };
		3ACCB353294C38B100A85E0F /* ContactView.swift in Sources */ = {isa = PBXBuildFile; fileRef = 3ACCB352294C38B100A85E0F /* ContactView.swift */; };
		3ACCB355294C3D3500A85E0F /* TextFieldView.swift in Sources */ = {isa = PBXBuildFile; fileRef = 3ACCB354294C3D3500A85E0F /* TextFieldView.swift */; };
		3ACCB357294C54A500A85E0F /* FloatingButton.swift in Sources */ = {isa = PBXBuildFile; fileRef = 3ACCB356294C54A500A85E0F /* FloatingButton.swift */; };
		3ACD924228CDCADC00345E6C /* LoadingIndicatorGray.json in Resources */ = {isa = PBXBuildFile; fileRef = 3ACD924128CDCADB00345E6C /* LoadingIndicatorGray.json */; };
		3AE2551D290EA2CF0045098E /* WallpaperCoreData.swift in Sources */ = {isa = PBXBuildFile; fileRef = 3AE2551C290EA2CF0045098E /* WallpaperCoreData.swift */; };
		3AE9DC0D28F8F87B008A3316 /* QuickGet.xcdatamodeld in Sources */ = {isa = PBXBuildFile; fileRef = 3AE9DC0B28F8F87B008A3316 /* QuickGet.xcdatamodeld */; };
		3AE9DC0E28F8F890008A3316 /* QuickGet.xcdatamodeld in Sources */ = {isa = PBXBuildFile; fileRef = 3AE9DC0B28F8F87B008A3316 /* QuickGet.xcdatamodeld */; };
		3AE9DC0F28F8F891008A3316 /* QuickGet.xcdatamodeld in Sources */ = {isa = PBXBuildFile; fileRef = 3AE9DC0B28F8F87B008A3316 /* QuickGet.xcdatamodeld */; };
		3AF9F00528ED570D00F685E6 /* WidgetKit.framework in Frameworks */ = {isa = PBXBuildFile; fileRef = 3AC3E1E828E690B800BFF455 /* WidgetKit.framework */; };
		3AF9F00628ED570D00F685E6 /* SwiftUI.framework in Frameworks */ = {isa = PBXBuildFile; fileRef = 3AC3E1EA28E690B800BFF455 /* SwiftUI.framework */; };
		3AF9F00928ED570D00F685E6 /* DeepLinkWidget.swift in Sources */ = {isa = PBXBuildFile; fileRef = 3AF9F00828ED570D00F685E6 /* DeepLinkWidget.swift */; };
		3AF9F00B28ED570E00F685E6 /* Assets.xcassets in Resources */ = {isa = PBXBuildFile; fileRef = 3AF9F00A28ED570E00F685E6 /* Assets.xcassets */; };
		3AF9F00F28ED570E00F685E6 /* LockScreenWidgetExtension.appex in Embed Foundation Extensions */ = {isa = PBXBuildFile; fileRef = 3AF9F00428ED570D00F685E6 /* LockScreenWidgetExtension.appex */; settings = {ATTRIBUTES = (RemoveHeadersOnCopy, ); }; };
/* End PBXBuildFile section */

/* Begin PBXContainerItemProxy section */
		3A3C119928EDB4B800C9CCED /* PBXContainerItemProxy */ = {
			isa = PBXContainerItemProxy;
			containerPortal = 3ABA6C0B28C6043F005AA8E4 /* Project object */;
			proxyType = 1;
			remoteGlobalIDString = 3A3C119228EDB4B800C9CCED;
			remoteInfo = LockScreenIntentsExtension;
		};
		3AF9F00D28ED570E00F685E6 /* PBXContainerItemProxy */ = {
			isa = PBXContainerItemProxy;
			containerPortal = 3ABA6C0B28C6043F005AA8E4 /* Project object */;
			proxyType = 1;
			remoteGlobalIDString = 3AF9F00328ED570D00F685E6;
			remoteInfo = LockScreenWidgetExtension;
		};
/* End PBXContainerItemProxy section */

/* Begin PBXCopyFilesBuildPhase section */
		3AC3E1FB28E690BA00BFF455 /* Embed Foundation Extensions */ = {
			isa = PBXCopyFilesBuildPhase;
			buildActionMask = 2147483647;
			dstPath = "";
			dstSubfolderSpec = 13;
			files = (
				3A3C119B28EDB4B800C9CCED /* LockScreenIntentsExtension.appex in Embed Foundation Extensions */,
				3AF9F00F28ED570E00F685E6 /* LockScreenWidgetExtension.appex in Embed Foundation Extensions */,
			);
			name = "Embed Foundation Extensions";
			runOnlyForDeploymentPostprocessing = 0;
		};
/* End PBXCopyFilesBuildPhase section */

/* Begin PBXFileReference section */
		3A00CA652931EFBE004FBF80 /* EditTextField.swift */ = {isa = PBXFileReference; lastKnownFileType = sourcecode.swift; path = EditTextField.swift; sourceTree = "<group>"; };
		3A00CA682931F3F1004FBF80 /* StorageProvider.swift */ = {isa = PBXFileReference; lastKnownFileType = sourcecode.swift; path = StorageProvider.swift; sourceTree = "<group>"; };
		3A0566CD2931E87D007B0A7A /* WidgetIconViewForDeepLink.swift */ = {isa = PBXFileReference; lastKnownFileType = sourcecode.swift; path = WidgetIconViewForDeepLink.swift; sourceTree = "<group>"; };
		3A0566D02931E964007B0A7A /* WidgetButtonToMake.swift */ = {isa = PBXFileReference; lastKnownFileType = sourcecode.swift; path = WidgetButtonToMake.swift; sourceTree = "<group>"; };
		3A0566D22931E9A0007B0A7A /* WidgetCollectionView.swift */ = {isa = PBXFileReference; lastKnownFileType = sourcecode.swift; path = WidgetCollectionView.swift; sourceTree = "<group>"; };
		3A0566D42931E9F2007B0A7A /* WidgetGridView.swift */ = {isa = PBXFileReference; lastKnownFileType = sourcecode.swift; path = WidgetGridView.swift; sourceTree = "<group>"; };
		3A0841FF2938A67D009BED73 /* NoticeList.swift */ = {isa = PBXFileReference; lastKnownFileType = sourcecode.swift; path = NoticeList.swift; sourceTree = "<group>"; };
		3A0842012938AA94009BED73 /* NoticeCell.swift */ = {isa = PBXFileReference; lastKnownFileType = sourcecode.swift; path = NoticeCell.swift; sourceTree = "<group>"; };
		3A0842032938ABDD009BED73 /* NoticeContentView.swift */ = {isa = PBXFileReference; lastKnownFileType = sourcecode.swift; path = NoticeContentView.swift; sourceTree = "<group>"; };
		3A08BD02292FCA0900E09B3E /* SettingView.swift */ = {isa = PBXFileReference; lastKnownFileType = sourcecode.swift; path = SettingView.swift; sourceTree = "<group>"; };
		3A0ADDB8292CC9DE006E8EA5 /* MakeWidgetView.swift */ = {isa = PBXFileReference; lastKnownFileType = sourcecode.swift; path = MakeWidgetView.swift; sourceTree = "<group>"; };
		3A0ADDBA292CEAF0006E8EA5 /* WidgetAssetList.swift */ = {isa = PBXFileReference; lastKnownFileType = sourcecode.swift; path = WidgetAssetList.swift; sourceTree = "<group>"; };
		3A0C03412935131600868B70 /* PhotoEditMenu.swift */ = {isa = PBXFileReference; lastKnownFileType = sourcecode.swift; path = PhotoEditMenu.swift; sourceTree = "<group>"; };
		3A0F42A128C8DC19002F1CAD /* ko-KR */ = {isa = PBXFileReference; lastKnownFileType = text.plist.strings; name = "ko-KR"; path = "ko-KR.lproj/LaunchScreen.strings"; sourceTree = "<group>"; };
		3A1CD19928F971A800AC5D1C /* CoreData.swift */ = {isa = PBXFileReference; lastKnownFileType = sourcecode.swift; path = CoreData.swift; sourceTree = "<group>"; };
		3A2E21FC290FF9F800E4F46A /* downArrow.json */ = {isa = PBXFileReference; fileEncoding = 4; lastKnownFileType = text.json; path = downArrow.json; sourceTree = "<group>"; };
		3A2F307828F41F0E00404721 /* UIDevice+Utils.swift */ = {isa = PBXFileReference; lastKnownFileType = sourcecode.swift; path = "UIDevice+Utils.swift"; sourceTree = "<group>"; };
		3A3C118C28EDAEC600C9CCED /* LockScreenWidgetIntents.intentdefinition */ = {isa = PBXFileReference; lastKnownFileType = file.intentdefinition; path = LockScreenWidgetIntents.intentdefinition; sourceTree = "<group>"; };
		3A3C119328EDB4B800C9CCED /* LockScreenIntentsExtension.appex */ = {isa = PBXFileReference; explicitFileType = "wrapper.app-extension"; includeInIndex = 0; path = LockScreenIntentsExtension.appex; sourceTree = BUILT_PRODUCTS_DIR; };
		3A3C119628EDB4B800C9CCED /* IntentHandler.swift */ = {isa = PBXFileReference; lastKnownFileType = sourcecode.swift; path = IntentHandler.swift; sourceTree = "<group>"; };
		3A3C119828EDB4B800C9CCED /* Info.plist */ = {isa = PBXFileReference; lastKnownFileType = text.plist.xml; path = Info.plist; sourceTree = "<group>"; };
		3A3C11A028EDB69A00C9CCED /* LockScreenIntentsExtension.entitlements */ = {isa = PBXFileReference; lastKnownFileType = text.plist.entitlements; path = LockScreenIntentsExtension.entitlements; sourceTree = "<group>"; };
		3A3C11A228EDC14700C9CCED /* DefaultWidgetManager.swift */ = {isa = PBXFileReference; lastKnownFileType = sourcecode.swift; path = DefaultWidgetManager.swift; sourceTree = "<group>"; };
		3A559C6F28EB1D4900D5D9E4 /* AppColors.swift */ = {isa = PBXFileReference; lastKnownFileType = sourcecode.swift; path = AppColors.swift; sourceTree = "<group>"; };
		3A8339D62932165B00DC9527 /* EditingToggleButton.swift */ = {isa = PBXFileReference; lastKnownFileType = sourcecode.swift; path = EditingToggleButton.swift; sourceTree = "<group>"; };
		3A8339D82932167500DC9527 /* DetailWidgetButton.swift */ = {isa = PBXFileReference; lastKnownFileType = sourcecode.swift; path = DetailWidgetButton.swift; sourceTree = "<group>"; };
		3A8F8E822939AF5C0065DC80 /* MainSegmentView.swift */ = {isa = PBXFileReference; lastKnownFileType = sourcecode.swift; path = MainSegmentView.swift; sourceTree = "<group>"; };
		3A94E19D28EC1B950050EE80 /* Intents.framework */ = {isa = PBXFileReference; lastKnownFileType = wrapper.framework; name = Intents.framework; path = System/Library/Frameworks/Intents.framework; sourceTree = SDKROOT; };
		3A94E1A828EC1B960050EE80 /* IntentsUI.framework */ = {isa = PBXFileReference; lastKnownFileType = wrapper.framework; name = IntentsUI.framework; path = System/Library/Frameworks/IntentsUI.framework; sourceTree = SDKROOT; };
		3A9BC0CD28E6C92A0041DA1B /* QuickGet.entitlements */ = {isa = PBXFileReference; lastKnownFileType = text.plist.entitlements; path = QuickGet.entitlements; sourceTree = "<group>"; };
		3A9BC0CE28E6C93A0041DA1B /* LockScreenWidgetExtension.entitlements */ = {isa = PBXFileReference; lastKnownFileType = text.plist.entitlements; path = LockScreenWidgetExtension.entitlements; sourceTree = "<group>"; };
		3A9BC0D528E6CD4C0041DA1B /* GlobalConstants.swift */ = {isa = PBXFileReference; lastKnownFileType = sourcecode.swift; path = GlobalConstants.swift; sourceTree = "<group>"; };
		3A9BC0D928E6E1AE0041DA1B /* Constants.swift */ = {isa = PBXFileReference; lastKnownFileType = sourcecode.swift; path = Constants.swift; sourceTree = "<group>"; };
		3A9C04FF292DB03C00442017 /* PhotoPicker.swift */ = {isa = PBXFileReference; lastKnownFileType = sourcecode.swift; path = PhotoPicker.swift; sourceTree = "<group>"; };
		3A9C0504292DDB6D00442017 /* LinkWidgetModel.swift */ = {isa = PBXFileReference; lastKnownFileType = sourcecode.swift; path = LinkWidgetModel.swift; sourceTree = "<group>"; };
		3A9EABB528E5DA9300ED2BF2 /* UIColor+Utils.swift */ = {isa = PBXFileReference; lastKnownFileType = sourcecode.swift; path = "UIColor+Utils.swift"; sourceTree = "<group>"; };
		3ABA6C1328C6043F005AA8E4 /* QuickGet.app */ = {isa = PBXFileReference; explicitFileType = wrapper.application; includeInIndex = 0; path = QuickGet.app; sourceTree = BUILT_PRODUCTS_DIR; };
		3ABA6C1628C6043F005AA8E4 /* AppDelegate.swift */ = {isa = PBXFileReference; lastKnownFileType = sourcecode.swift; path = AppDelegate.swift; sourceTree = "<group>"; };
		3ABA6C1828C6043F005AA8E4 /* SceneDelegate.swift */ = {isa = PBXFileReference; lastKnownFileType = sourcecode.swift; path = SceneDelegate.swift; sourceTree = "<group>"; };
		3ABA6C2228C60440005AA8E4 /* Assets.xcassets */ = {isa = PBXFileReference; lastKnownFileType = folder.assetcatalog; path = Assets.xcassets; sourceTree = "<group>"; };
		3ABA6C2528C60440005AA8E4 /* Base */ = {isa = PBXFileReference; lastKnownFileType = file.storyboard; name = Base; path = Base.lproj/LaunchScreen.storyboard; sourceTree = "<group>"; };
		3ABA6C2728C60440005AA8E4 /* Info.plist */ = {isa = PBXFileReference; lastKnownFileType = text.plist.xml; path = Info.plist; sourceTree = "<group>"; };
		3ABD50FE292945EB00F878AE /* WidgetCoreData.swift */ = {isa = PBXFileReference; lastKnownFileType = sourcecode.swift; path = WidgetCoreData.swift; sourceTree = "<group>"; };
		3ABFEFBC292E70A900455730 /* FilterWidgetModel.swift */ = {isa = PBXFileReference; lastKnownFileType = sourcecode.swift; path = FilterWidgetModel.swift; sourceTree = "<group>"; };
		3ABFEFC0292F136B00455730 /* DetailWidgetView.swift */ = {isa = PBXFileReference; lastKnownFileType = sourcecode.swift; path = DetailWidgetView.swift; sourceTree = "<group>"; };
		3ABFEFC4292F214200455730 /* MainWidgetView.swift */ = {isa = PBXFileReference; lastKnownFileType = sourcecode.swift; path = MainWidgetView.swift; sourceTree = "<group>"; };
		3ABFEFC6292F481F00455730 /* TestDeepLink.swift */ = {isa = PBXFileReference; lastKnownFileType = sourcecode.swift; path = TestDeepLink.swift; sourceTree = "<group>"; };
		3ABFEFC9292F4D1400455730 /* BlurBackgroundView.swift */ = {isa = PBXFileReference; lastKnownFileType = sourcecode.swift; path = BlurBackgroundView.swift; sourceTree = "<group>"; };
		3AC3E1E828E690B800BFF455 /* WidgetKit.framework */ = {isa = PBXFileReference; lastKnownFileType = wrapper.framework; name = WidgetKit.framework; path = System/Library/Frameworks/WidgetKit.framework; sourceTree = SDKROOT; };
		3AC3E1EA28E690B800BFF455 /* SwiftUI.framework */ = {isa = PBXFileReference; lastKnownFileType = wrapper.framework; name = SwiftUI.framework; path = System/Library/Frameworks/SwiftUI.framework; sourceTree = SDKROOT; };
		3ACCB34F294C37BF00A85E0F /* SettingButtonLabel.swift */ = {isa = PBXFileReference; lastKnownFileType = sourcecode.swift; path = SettingButtonLabel.swift; sourceTree = "<group>"; };
		3ACCB352294C38B100A85E0F /* ContactView.swift */ = {isa = PBXFileReference; lastKnownFileType = sourcecode.swift; path = ContactView.swift; sourceTree = "<group>"; };
		3ACCB354294C3D3500A85E0F /* TextFieldView.swift */ = {isa = PBXFileReference; lastKnownFileType = sourcecode.swift; path = TextFieldView.swift; sourceTree = "<group>"; };
		3ACCB356294C54A500A85E0F /* FloatingButton.swift */ = {isa = PBXFileReference; lastKnownFileType = sourcecode.swift; path = FloatingButton.swift; sourceTree = "<group>"; };
		3ACD924128CDCADB00345E6C /* LoadingIndicatorGray.json */ = {isa = PBXFileReference; fileEncoding = 4; lastKnownFileType = text.json; path = LoadingIndicatorGray.json; sourceTree = "<group>"; };
		3AE2551C290EA2CF0045098E /* WallpaperCoreData.swift */ = {isa = PBXFileReference; lastKnownFileType = sourcecode.swift; path = WallpaperCoreData.swift; sourceTree = "<group>"; };
		3AE9DC0C28F8F87B008A3316 /* WidgetModel.xcdatamodel */ = {isa = PBXFileReference; lastKnownFileType = wrapper.xcdatamodel; path = WidgetModel.xcdatamodel; sourceTree = "<group>"; };
		3AF9F00428ED570D00F685E6 /* LockScreenWidgetExtension.appex */ = {isa = PBXFileReference; explicitFileType = "wrapper.app-extension"; includeInIndex = 0; path = LockScreenWidgetExtension.appex; sourceTree = BUILT_PRODUCTS_DIR; };
		3AF9F00828ED570D00F685E6 /* DeepLinkWidget.swift */ = {isa = PBXFileReference; lastKnownFileType = sourcecode.swift; path = DeepLinkWidget.swift; sourceTree = "<group>"; };
		3AF9F00A28ED570E00F685E6 /* Assets.xcassets */ = {isa = PBXFileReference; lastKnownFileType = folder.assetcatalog; path = Assets.xcassets; sourceTree = "<group>"; };
		3AF9F00C28ED570E00F685E6 /* Info.plist */ = {isa = PBXFileReference; lastKnownFileType = text.plist.xml; path = Info.plist; sourceTree = "<group>"; };
/* End PBXFileReference section */

/* Begin PBXFrameworksBuildPhase section */
		3A3C119028EDB4B800C9CCED /* Frameworks */ = {
			isa = PBXFrameworksBuildPhase;
			buildActionMask = 2147483647;
			files = (
				3A3C119428EDB4B800C9CCED /* Intents.framework in Frameworks */,
			);
			runOnlyForDeploymentPostprocessing = 0;
		};
		3ABA6C1028C6043F005AA8E4 /* Frameworks */ = {
			isa = PBXFrameworksBuildPhase;
			buildActionMask = 2147483647;
			files = (
				3A668E88294990A100BD7A4C /* Lottie in Frameworks */,
			);
			runOnlyForDeploymentPostprocessing = 0;
		};
		3AF9F00128ED570D00F685E6 /* Frameworks */ = {
			isa = PBXFrameworksBuildPhase;
			buildActionMask = 2147483647;
			files = (
				3AF9F00628ED570D00F685E6 /* SwiftUI.framework in Frameworks */,
				3AF9F00528ED570D00F685E6 /* WidgetKit.framework in Frameworks */,
			);
			runOnlyForDeploymentPostprocessing = 0;
		};
/* End PBXFrameworksBuildPhase section */

/* Begin PBXGroup section */
		3A00CA642931EDB6004FBF80 /* WidgetCollection */ = {
			isa = PBXGroup;
			children = (
				3A0566D22931E9A0007B0A7A /* WidgetCollectionView.swift */,
				3A0566D42931E9F2007B0A7A /* WidgetGridView.swift */,
				3A0566CD2931E87D007B0A7A /* WidgetIconViewForDeepLink.swift */,
			);
			path = WidgetCollection;
			sourceTree = "<group>";
		};
		3A00CA672931F109004FBF80 /* Utils */ = {
			isa = PBXGroup;
			children = (
				3ABFEFC9292F4D1400455730 /* BlurBackgroundView.swift */,
			);
			path = Utils;
			sourceTree = "<group>";
		};
		3A0841FE2938A671009BED73 /* Notice */ = {
			isa = PBXGroup;
			children = (
				3A0841FF2938A67D009BED73 /* NoticeList.swift */,
				3A0842012938AA94009BED73 /* NoticeCell.swift */,
				3A0842032938ABDD009BED73 /* NoticeContentView.swift */,
			);
			path = Notice;
			sourceTree = "<group>";
		};
		3A08BCFB292FA7E700E09B3E /* Views */ = {
			isa = PBXGroup;
			children = (
				3A08BCFF292FBF0B00E09B3E /* Make */,
				3A08BD00292FBF1B00E09B3E /* Detail */,
			);
			path = Views;
			sourceTree = "<group>";
		};
		3A08BCFC292FA7F900E09B3E /* Models */ = {
			isa = PBXGroup;
			children = (
				3A3C11A228EDC14700C9CCED /* DefaultWidgetManager.swift */,
				3A9C0504292DDB6D00442017 /* LinkWidgetModel.swift */,
				3ABFEFBC292E70A900455730 /* FilterWidgetModel.swift */,
				3A9C04FF292DB03C00442017 /* PhotoPicker.swift */,
			);
			path = Models;
			sourceTree = "<group>";
		};
		3A08BCFF292FBF0B00E09B3E /* Make */ = {
			isa = PBXGroup;
			children = (
				3A0ADDB8292CC9DE006E8EA5 /* MakeWidgetView.swift */,
				3A0ADDBA292CEAF0006E8EA5 /* WidgetAssetList.swift */,
			);
			path = Make;
			sourceTree = "<group>";
		};
		3A08BD00292FBF1B00E09B3E /* Detail */ = {
			isa = PBXGroup;
			children = (
				3ABFEFC0292F136B00455730 /* DetailWidgetView.swift */,
				3A00CA652931EFBE004FBF80 /* EditTextField.swift */,
				3A0C03412935131600868B70 /* PhotoEditMenu.swift */,
				3A8339D62932165B00DC9527 /* EditingToggleButton.swift */,
				3A8339D82932167500DC9527 /* DetailWidgetButton.swift */,
			);
			path = Detail;
			sourceTree = "<group>";
		};
		3A08BD01292FC9E700E09B3E /* Settings */ = {
			isa = PBXGroup;
			children = (
				3A08BD02292FCA0900E09B3E /* SettingView.swift */,
				3ACCB34F294C37BF00A85E0F /* SettingButtonLabel.swift */,
				3A0841FE2938A671009BED73 /* Notice */,
				3ACCB351294C389200A85E0F /* Contact */,
			);
			path = Settings;
			sourceTree = "<group>";
		};
		3A0F429E28C89742002F1CAD /* Extensions */ = {
			isa = PBXGroup;
			children = (
				3A9EABB528E5DA9300ED2BF2 /* UIColor+Utils.swift */,
				3A2F307828F41F0E00404721 /* UIDevice+Utils.swift */,
			);
			path = Extensions;
			sourceTree = "<group>";
		};
		3A3C119528EDB4B800C9CCED /* LockScreenIntentsExtension */ = {
			isa = PBXGroup;
			children = (
				3A3C11A028EDB69A00C9CCED /* LockScreenIntentsExtension.entitlements */,
				3A3C119628EDB4B800C9CCED /* IntentHandler.swift */,
				3A3C119828EDB4B800C9CCED /* Info.plist */,
			);
			path = LockScreenIntentsExtension;
			sourceTree = "<group>";
		};
		3A51A10528F531F10027AD5A /* LinkWidget */ = {
			isa = PBXGroup;
			children = (
				3A08BCFB292FA7E700E09B3E /* Views */,
				3A08BCFC292FA7F900E09B3E /* Models */,
			);
			path = LinkWidget;
			sourceTree = "<group>";
		};
		3A8E3A2F28E3E99500390F8A /* Frameworks */ = {
			isa = PBXGroup;
			children = (
				3AC3E1E828E690B800BFF455 /* WidgetKit.framework */,
				3AC3E1EA28E690B800BFF455 /* SwiftUI.framework */,
				3A94E19D28EC1B950050EE80 /* Intents.framework */,
				3A94E1A828EC1B960050EE80 /* IntentsUI.framework */,
			);
			name = Frameworks;
			sourceTree = "<group>";
		};
		3AB4A3EB28CF01390062EC18 /* Animation */ = {
			isa = PBXGroup;
			children = (
				3A2E21FC290FF9F800E4F46A /* downArrow.json */,
				3ACD924128CDCADB00345E6C /* LoadingIndicatorGray.json */,
			);
			path = Animation;
			sourceTree = "<group>";
		};
		3ABA6C0A28C6043F005AA8E4 = {
			isa = PBXGroup;
			children = (
				3A9BC0CE28E6C93A0041DA1B /* LockScreenWidgetExtension.entitlements */,
				3ABA6C1528C6043F005AA8E4 /* QuickGet */,
				3AF9F00728ED570D00F685E6 /* LockScreenWidget */,
				3A3C119528EDB4B800C9CCED /* LockScreenIntentsExtension */,
				3ABA6C1428C6043F005AA8E4 /* Products */,
				3A8E3A2F28E3E99500390F8A /* Frameworks */,
			);
			sourceTree = "<group>";
		};
		3ABA6C1428C6043F005AA8E4 /* Products */ = {
			isa = PBXGroup;
			children = (
				3ABA6C1328C6043F005AA8E4 /* QuickGet.app */,
				3AF9F00428ED570D00F685E6 /* LockScreenWidgetExtension.appex */,
				3A3C119328EDB4B800C9CCED /* LockScreenIntentsExtension.appex */,
			);
			name = Products;
			sourceTree = "<group>";
		};
		3ABA6C1528C6043F005AA8E4 /* QuickGet */ = {
			isa = PBXGroup;
			children = (
				3A9BC0CD28E6C92A0041DA1B /* QuickGet.entitlements */,
				3ABA6C1628C6043F005AA8E4 /* AppDelegate.swift */,
				3ABA6C1828C6043F005AA8E4 /* SceneDelegate.swift */,
				3A8F8E822939AF5C0065DC80 /* MainSegmentView.swift */,
				3AE0F982294878CF008C9F5F /* CoreData */,
				3AC3E1E028E68A6D00BFF455 /* WidgetMaker */,
				3A08BD01292FC9E700E09B3E /* Settings */,
				3AF7E59128F85FD200B14DFD /* Utils */,
				3ABA6C2D28C60465005AA8E4 /* Files */,
			);
			path = QuickGet;
			sourceTree = "<group>";
		};
		3ABA6C2D28C60465005AA8E4 /* Files */ = {
			isa = PBXGroup;
			children = (
				3A9BC0D928E6E1AE0041DA1B /* Constants.swift */,
				3ABA6C2228C60440005AA8E4 /* Assets.xcassets */,
				3ABA6C2428C60440005AA8E4 /* LaunchScreen.storyboard */,
				3ABA6C2728C60440005AA8E4 /* Info.plist */,
			);
			name = Files;
			sourceTree = "<group>";
		};
		3AC3E1E028E68A6D00BFF455 /* WidgetMaker */ = {
			isa = PBXGroup;
			children = (
				3ABFEFC4292F214200455730 /* MainWidgetView.swift */,
				3A0566D02931E964007B0A7A /* WidgetButtonToMake.swift */,
				3ACCB356294C54A500A85E0F /* FloatingButton.swift */,
				3A00CA642931EDB6004FBF80 /* WidgetCollection */,
				3A51A10528F531F10027AD5A /* LinkWidget */,
				3A00CA672931F109004FBF80 /* Utils */,
			);
			path = WidgetMaker;
			sourceTree = "<group>";
		};
		3ACCB351294C389200A85E0F /* Contact */ = {
			isa = PBXGroup;
			children = (
				3ACCB352294C38B100A85E0F /* ContactView.swift */,
			);
			path = Contact;
			sourceTree = "<group>";
		};
		3AE0F982294878CF008C9F5F /* CoreData */ = {
			isa = PBXGroup;
			children = (
				3A1CD19928F971A800AC5D1C /* CoreData.swift */,
				3A00CA682931F3F1004FBF80 /* StorageProvider.swift */,
				3ABD50FE292945EB00F878AE /* WidgetCoreData.swift */,
				3AE2551C290EA2CF0045098E /* WallpaperCoreData.swift */,
				3ABFEFC6292F481F00455730 /* TestDeepLink.swift */,
				3AE9DC0B28F8F87B008A3316 /* QuickGet.xcdatamodeld */,
			);
			path = CoreData;
			sourceTree = "<group>";
		};
		3AF7E59128F85FD200B14DFD /* Utils */ = {
			isa = PBXGroup;
			children = (
				3A9BC0D528E6CD4C0041DA1B /* GlobalConstants.swift */,
				3A559C6F28EB1D4900D5D9E4 /* AppColors.swift */,
				3A0F429E28C89742002F1CAD /* Extensions */,
				3AB4A3EB28CF01390062EC18 /* Animation */,
				3ACCB354294C3D3500A85E0F /* TextFieldView.swift */,
			);
			path = Utils;
			sourceTree = "<group>";
		};
		3AF9F00728ED570D00F685E6 /* LockScreenWidget */ = {
			isa = PBXGroup;
			children = (
				3AF9F00828ED570D00F685E6 /* DeepLinkWidget.swift */,
				3A3C118C28EDAEC600C9CCED /* LockScreenWidgetIntents.intentdefinition */,
				3AF9F00A28ED570E00F685E6 /* Assets.xcassets */,
				3AF9F00C28ED570E00F685E6 /* Info.plist */,
			);
			path = LockScreenWidget;
			sourceTree = "<group>";
		};
/* End PBXGroup section */

/* Begin PBXNativeTarget section */
		3A3C119228EDB4B800C9CCED /* LockScreenIntentsExtension */ = {
			isa = PBXNativeTarget;
			buildConfigurationList = 3A3C119C28EDB4B800C9CCED /* Build configuration list for PBXNativeTarget "LockScreenIntentsExtension" */;
			buildPhases = (
				3A3C118F28EDB4B800C9CCED /* Sources */,
				3A3C119028EDB4B800C9CCED /* Frameworks */,
				3A3C119128EDB4B800C9CCED /* Resources */,
			);
			buildRules = (
			);
			dependencies = (
			);
			name = LockScreenIntentsExtension;
			productName = LockScreenIntentsExtension;
			productReference = 3A3C119328EDB4B800C9CCED /* LockScreenIntentsExtension.appex */;
			productType = "com.apple.product-type.app-extension";
		};
		3ABA6C1228C6043F005AA8E4 /* QuickGet */ = {
			isa = PBXNativeTarget;
			buildConfigurationList = 3ABA6C2A28C60440005AA8E4 /* Build configuration list for PBXNativeTarget "QuickGet" */;
			buildPhases = (
				3ABA6C0F28C6043F005AA8E4 /* Sources */,
				3ABA6C1028C6043F005AA8E4 /* Frameworks */,
				3ABA6C1128C6043F005AA8E4 /* Resources */,
				3AC3E1FB28E690BA00BFF455 /* Embed Foundation Extensions */,
			);
			buildRules = (
			);
			dependencies = (
				3AF9F00E28ED570E00F685E6 /* PBXTargetDependency */,
				3A3C119A28EDB4B800C9CCED /* PBXTargetDependency */,
			);
			name = QuickGet;
			packageProductDependencies = (
				3A668E87294990A100BD7A4C /* Lottie */,
			);
			productName = BackgroundMaker;
			productReference = 3ABA6C1328C6043F005AA8E4 /* QuickGet.app */;
			productType = "com.apple.product-type.application";
		};
		3AF9F00328ED570D00F685E6 /* LockScreenWidgetExtension */ = {
			isa = PBXNativeTarget;
			buildConfigurationList = 3AF9F01028ED570E00F685E6 /* Build configuration list for PBXNativeTarget "LockScreenWidgetExtension" */;
			buildPhases = (
				3AF9F00028ED570D00F685E6 /* Sources */,
				3AF9F00128ED570D00F685E6 /* Frameworks */,
				3AF9F00228ED570D00F685E6 /* Resources */,
			);
			buildRules = (
			);
			dependencies = (
			);
			name = LockScreenWidgetExtension;
			productName = LockScreenWidgetExtension;
			productReference = 3AF9F00428ED570D00F685E6 /* LockScreenWidgetExtension.appex */;
			productType = "com.apple.product-type.app-extension";
		};
/* End PBXNativeTarget section */

/* Begin PBXProject section */
		3ABA6C0B28C6043F005AA8E4 /* Project object */ = {
			isa = PBXProject;
			attributes = {
				BuildIndependentTargetsInParallel = 1;
				LastSwiftUpdateCheck = 1400;
				LastUpgradeCheck = 1400;
				TargetAttributes = {
					3A3C119228EDB4B800C9CCED = {
						CreatedOnToolsVersion = 14.0.1;
					};
					3ABA6C1228C6043F005AA8E4 = {
						CreatedOnToolsVersion = 14.0;
					};
					3AF9F00328ED570D00F685E6 = {
						CreatedOnToolsVersion = 14.0.1;
					};
				};
			};
			buildConfigurationList = 3ABA6C0E28C6043F005AA8E4 /* Build configuration list for PBXProject "QuickGet" */;
			compatibilityVersion = "Xcode 14.0";
			developmentRegion = en;
			hasScannedForEncodings = 0;
			knownRegions = (
				en,
				Base,
				"ko-KR",
			);
			mainGroup = 3ABA6C0A28C6043F005AA8E4;
			packageReferences = (
				3A668E86294990A100BD7A4C /* XCRemoteSwiftPackageReference "lottie-ios" */,
			);
			productRefGroup = 3ABA6C1428C6043F005AA8E4 /* Products */;
			projectDirPath = "";
			projectRoot = "";
			targets = (
				3ABA6C1228C6043F005AA8E4 /* QuickGet */,
				3AF9F00328ED570D00F685E6 /* LockScreenWidgetExtension */,
				3A3C119228EDB4B800C9CCED /* LockScreenIntentsExtension */,
			);
		};
/* End PBXProject section */

/* Begin PBXResourcesBuildPhase section */
		3A3C119128EDB4B800C9CCED /* Resources */ = {
			isa = PBXResourcesBuildPhase;
			buildActionMask = 2147483647;
			files = (
				3A40E1AF28EED35E00A646FA /* Assets.xcassets in Resources */,
			);
			runOnlyForDeploymentPostprocessing = 0;
		};
		3ABA6C1128C6043F005AA8E4 /* Resources */ = {
			isa = PBXResourcesBuildPhase;
			buildActionMask = 2147483647;
			files = (
				3ACD924228CDCADC00345E6C /* LoadingIndicatorGray.json in Resources */,
				3ABA6C2628C60440005AA8E4 /* LaunchScreen.storyboard in Resources */,
				3A2E21FD290FF9F800E4F46A /* downArrow.json in Resources */,
				3ABA6C2328C60440005AA8E4 /* Assets.xcassets in Resources */,
			);
			runOnlyForDeploymentPostprocessing = 0;
		};
		3AF9F00228ED570D00F685E6 /* Resources */ = {
			isa = PBXResourcesBuildPhase;
			buildActionMask = 2147483647;
			files = (
				3A40E1AE28EED35D00A646FA /* Assets.xcassets in Resources */,
				3AF9F00B28ED570E00F685E6 /* Assets.xcassets in Resources */,
			);
			runOnlyForDeploymentPostprocessing = 0;
		};
/* End PBXResourcesBuildPhase section */

/* Begin PBXSourcesBuildPhase section */
		3A3C118F28EDB4B800C9CCED /* Sources */ = {
			isa = PBXSourcesBuildPhase;
			buildActionMask = 2147483647;
			files = (
				3ACCB34D294C33C300A85E0F /* UIColor+Utils.swift in Sources */,
				3A1CD19728F9710200AC5D1C /* AppDelegate.swift in Sources */,
				3A3C119728EDB4B800C9CCED /* IntentHandler.swift in Sources */,
				3AE9DC0F28F8F891008A3316 /* QuickGet.xcdatamodeld in Sources */,
				3A1CD1A128F9891C00AC5D1C /* CoreData.swift in Sources */,
				3ACCB34E294C33C300A85E0F /* UIDevice+Utils.swift in Sources */,
				3A1CD19828F9710E00AC5D1C /* GlobalConstants.swift in Sources */,
				3ACCB34C294C33C300A85E0F /* AppColors.swift in Sources */,
				3A3C119F28EDB5B400C9CCED /* LockScreenWidgetIntents.intentdefinition in Sources */,
				3A1CD19D28F9819300AC5D1C /* Constants.swift in Sources */,
			);
			runOnlyForDeploymentPostprocessing = 0;
		};
		3ABA6C0F28C6043F005AA8E4 /* Sources */ = {
			isa = PBXSourcesBuildPhase;
			buildActionMask = 2147483647;
			files = (
				3A9BC0DA28E6E1AE0041DA1B /* Constants.swift in Sources */,
				3AE9DC0D28F8F87B008A3316 /* QuickGet.xcdatamodeld in Sources */,
				3A2F307928F41F0E00404721 /* UIDevice+Utils.swift in Sources */,
				3A0566D12931E964007B0A7A /* WidgetButtonToMake.swift in Sources */,
				3ABFEFC7292F481F00455730 /* TestDeepLink.swift in Sources */,
				3A0842042938ABDD009BED73 /* NoticeContentView.swift in Sources */,
				3A0842022938AA94009BED73 /* NoticeCell.swift in Sources */,
				3ACCB357294C54A500A85E0F /* FloatingButton.swift in Sources */,
				3A3C11A328EDC14700C9CCED /* DefaultWidgetManager.swift in Sources */,
				3ACCB350294C37BF00A85E0F /* SettingButtonLabel.swift in Sources */,
				3A00CA662931EFBE004FBF80 /* EditTextField.swift in Sources */,
				3ABA6C1728C6043F005AA8E4 /* AppDelegate.swift in Sources */,
				3A0566CE2931E87D007B0A7A /* WidgetIconViewForDeepLink.swift in Sources */,
				3A559C7028EB1D4900D5D9E4 /* AppColors.swift in Sources */,
				3A8339D92932167500DC9527 /* DetailWidgetButton.swift in Sources */,
				3ABFEFC1292F136B00455730 /* DetailWidgetView.swift in Sources */,
				3ABFEFBD292E70A900455730 /* FilterWidgetModel.swift in Sources */,
				3A1CD19A28F971A800AC5D1C /* CoreData.swift in Sources */,
				3ABFEFCA292F4D1400455730 /* BlurBackgroundView.swift in Sources */,
				3A0ADDBB292CEAF0006E8EA5 /* WidgetAssetList.swift in Sources */,
				3A0842002938A67D009BED73 /* NoticeList.swift in Sources */,
				3ABFEFC5292F214200455730 /* MainWidgetView.swift in Sources */,
				3A00CA692931F3F1004FBF80 /* StorageProvider.swift in Sources */,
				3A9BC0D628E6CD4C0041DA1B /* GlobalConstants.swift in Sources */,
				3A3C118D28EDAEC600C9CCED /* LockScreenWidgetIntents.intentdefinition in Sources */,
				3A9C0505292DDB6D00442017 /* LinkWidgetModel.swift in Sources */,
				3A9EABB628E5DA9300ED2BF2 /* UIColor+Utils.swift in Sources */,
				3A0566D52931E9F2007B0A7A /* WidgetGridView.swift in Sources */,
				3ABA6C1928C6043F005AA8E4 /* SceneDelegate.swift in Sources */,
				3A0566D32931E9A0007B0A7A /* WidgetCollectionView.swift in Sources */,
				3ACCB355294C3D3500A85E0F /* TextFieldView.swift in Sources */,
				3ACCB353294C38B100A85E0F /* ContactView.swift in Sources */,
				3AE2551D290EA2CF0045098E /* WallpaperCoreData.swift in Sources */,
				3A8F8E832939AF5C0065DC80 /* MainSegmentView.swift in Sources */,
				3A0C03422935131600868B70 /* PhotoEditMenu.swift in Sources */,
				3ABD50FF292945EB00F878AE /* WidgetCoreData.swift in Sources */,
				3A08BD03292FCA0900E09B3E /* SettingView.swift in Sources */,
				3A9C0500292DB03C00442017 /* PhotoPicker.swift in Sources */,
				3A8339D72932165B00DC9527 /* EditingToggleButton.swift in Sources */,
				3A0ADDB9292CC9DE006E8EA5 /* MakeWidgetView.swift in Sources */,
			);
			runOnlyForDeploymentPostprocessing = 0;
		};
		3AF9F00028ED570D00F685E6 /* Sources */ = {
			isa = PBXSourcesBuildPhase;
			buildActionMask = 2147483647;
			files = (
				3AF9F00928ED570D00F685E6 /* DeepLinkWidget.swift in Sources */,
				3A3C118E28EDB1B700C9CCED /* LockScreenWidgetIntents.intentdefinition in Sources */,
				3A1CD1A228F9891C00AC5D1C /* CoreData.swift in Sources */,
				3A1CD19E28F9819400AC5D1C /* Constants.swift in Sources */,
				3AE9DC0E28F8F890008A3316 /* QuickGet.xcdatamodeld in Sources */,
			);
			runOnlyForDeploymentPostprocessing = 0;
		};
/* End PBXSourcesBuildPhase section */

/* Begin PBXTargetDependency section */
		3A3C119A28EDB4B800C9CCED /* PBXTargetDependency */ = {
			isa = PBXTargetDependency;
			target = 3A3C119228EDB4B800C9CCED /* LockScreenIntentsExtension */;
			targetProxy = 3A3C119928EDB4B800C9CCED /* PBXContainerItemProxy */;
		};
		3AF9F00E28ED570E00F685E6 /* PBXTargetDependency */ = {
			isa = PBXTargetDependency;
			target = 3AF9F00328ED570D00F685E6 /* LockScreenWidgetExtension */;
			targetProxy = 3AF9F00D28ED570E00F685E6 /* PBXContainerItemProxy */;
		};
/* End PBXTargetDependency section */

/* Begin PBXVariantGroup section */
		3ABA6C2428C60440005AA8E4 /* LaunchScreen.storyboard */ = {
			isa = PBXVariantGroup;
			children = (
				3ABA6C2528C60440005AA8E4 /* Base */,
				3A0F42A128C8DC19002F1CAD /* ko-KR */,
			);
			name = LaunchScreen.storyboard;
			sourceTree = "<group>";
		};
/* End PBXVariantGroup section */

/* Begin XCBuildConfiguration section */
		3A3C119D28EDB4B800C9CCED /* Debug */ = {
			isa = XCBuildConfiguration;
			buildSettings = {
				CODE_SIGN_ENTITLEMENTS = LockScreenIntentsExtension/LockScreenIntentsExtension.entitlements;
				CODE_SIGN_STYLE = Automatic;
				CURRENT_PROJECT_VERSION = 1;
				DEVELOPMENT_TEAM = ZH5GA3W8UP;
				GENERATE_INFOPLIST_FILE = YES;
				INFOPLIST_FILE = LockScreenIntentsExtension/Info.plist;
				INFOPLIST_KEY_CFBundleDisplayName = LockScreenIntentsExtension;
				INFOPLIST_KEY_NSHumanReadableCopyright = "";
				IPHONEOS_DEPLOYMENT_TARGET = 16.0;
				LD_RUNPATH_SEARCH_PATHS = (
					"$(inherited)",
					"@executable_path/Frameworks",
					"@executable_path/../../Frameworks",
				);
				MARKETING_VERSION = 1.0;
				PRODUCT_BUNDLE_IDENTIFIER = com.heon.quickget.LockScreenIntentsExtension;
				PRODUCT_NAME = "$(TARGET_NAME)";
				SKIP_INSTALL = YES;
				SWIFT_EMIT_LOC_STRINGS = YES;
				SWIFT_VERSION = 5.0;
				TARGETED_DEVICE_FAMILY = "1,2";
			};
			name = Debug;
		};
		3A3C119E28EDB4B800C9CCED /* Release */ = {
			isa = XCBuildConfiguration;
			buildSettings = {
				CODE_SIGN_ENTITLEMENTS = LockScreenIntentsExtension/LockScreenIntentsExtension.entitlements;
				CODE_SIGN_STYLE = Automatic;
				CURRENT_PROJECT_VERSION = 1;
				DEVELOPMENT_TEAM = ZH5GA3W8UP;
				GENERATE_INFOPLIST_FILE = YES;
				INFOPLIST_FILE = LockScreenIntentsExtension/Info.plist;
				INFOPLIST_KEY_CFBundleDisplayName = LockScreenIntentsExtension;
				INFOPLIST_KEY_NSHumanReadableCopyright = "";
				IPHONEOS_DEPLOYMENT_TARGET = 16.0;
				LD_RUNPATH_SEARCH_PATHS = (
					"$(inherited)",
					"@executable_path/Frameworks",
					"@executable_path/../../Frameworks",
				);
				MARKETING_VERSION = 1.0;
				PRODUCT_BUNDLE_IDENTIFIER = com.heon.quickget.LockScreenIntentsExtension;
				PRODUCT_NAME = "$(TARGET_NAME)";
				SKIP_INSTALL = YES;
				SWIFT_EMIT_LOC_STRINGS = YES;
				SWIFT_VERSION = 5.0;
				TARGETED_DEVICE_FAMILY = "1,2";
			};
			name = Release;
		};
		3ABA6C2828C60440005AA8E4 /* Debug */ = {
			isa = XCBuildConfiguration;
			buildSettings = {
				ALWAYS_SEARCH_USER_PATHS = NO;
				CLANG_ANALYZER_LOCALIZABILITY_NONLOCALIZED = YES;
				CLANG_ANALYZER_NONNULL = YES;
				CLANG_ANALYZER_NUMBER_OBJECT_CONVERSION = YES_AGGRESSIVE;
				CLANG_CXX_LANGUAGE_STANDARD = "gnu++20";
				CLANG_ENABLE_MODULES = YES;
				CLANG_ENABLE_OBJC_ARC = YES;
				CLANG_ENABLE_OBJC_WEAK = YES;
				CLANG_WARN_BLOCK_CAPTURE_AUTORELEASING = YES;
				CLANG_WARN_BOOL_CONVERSION = YES;
				CLANG_WARN_COMMA = YES;
				CLANG_WARN_CONSTANT_CONVERSION = YES;
				CLANG_WARN_DEPRECATED_OBJC_IMPLEMENTATIONS = YES;
				CLANG_WARN_DIRECT_OBJC_ISA_USAGE = YES_ERROR;
				CLANG_WARN_DOCUMENTATION_COMMENTS = YES;
				CLANG_WARN_EMPTY_BODY = YES;
				CLANG_WARN_ENUM_CONVERSION = YES;
				CLANG_WARN_INFINITE_RECURSION = YES;
				CLANG_WARN_INT_CONVERSION = YES;
				CLANG_WARN_NON_LITERAL_NULL_CONVERSION = YES;
				CLANG_WARN_OBJC_IMPLICIT_RETAIN_SELF = YES;
				CLANG_WARN_OBJC_LITERAL_CONVERSION = YES;
				CLANG_WARN_OBJC_ROOT_CLASS = YES_ERROR;
				CLANG_WARN_QUOTED_INCLUDE_IN_FRAMEWORK_HEADER = YES;
				CLANG_WARN_RANGE_LOOP_ANALYSIS = YES;
				CLANG_WARN_STRICT_PROTOTYPES = YES;
				CLANG_WARN_SUSPICIOUS_MOVE = YES;
				CLANG_WARN_UNGUARDED_AVAILABILITY = YES_AGGRESSIVE;
				CLANG_WARN_UNREACHABLE_CODE = YES;
				CLANG_WARN__DUPLICATE_METHOD_MATCH = YES;
				COPY_PHASE_STRIP = NO;
				DEBUG_INFORMATION_FORMAT = dwarf;
				ENABLE_STRICT_OBJC_MSGSEND = YES;
				ENABLE_TESTABILITY = YES;
				GCC_C_LANGUAGE_STANDARD = gnu11;
				GCC_DYNAMIC_NO_PIC = NO;
				GCC_NO_COMMON_BLOCKS = YES;
				GCC_OPTIMIZATION_LEVEL = 0;
				GCC_PREPROCESSOR_DEFINITIONS = (
					"DEBUG=1",
					"$(inherited)",
				);
				GCC_WARN_64_TO_32_BIT_CONVERSION = YES;
				GCC_WARN_ABOUT_RETURN_TYPE = YES_ERROR;
				GCC_WARN_UNDECLARED_SELECTOR = YES;
				GCC_WARN_UNINITIALIZED_AUTOS = YES_AGGRESSIVE;
				GCC_WARN_UNUSED_FUNCTION = YES;
				GCC_WARN_UNUSED_VARIABLE = YES;
				IPHONEOS_DEPLOYMENT_TARGET = 16.0;
				MTL_ENABLE_DEBUG_INFO = INCLUDE_SOURCE;
				MTL_FAST_MATH = YES;
				ONLY_ACTIVE_ARCH = YES;
				SDKROOT = iphoneos;
				SWIFT_ACTIVE_COMPILATION_CONDITIONS = DEBUG;
				SWIFT_OPTIMIZATION_LEVEL = "-Onone";
			};
			name = Debug;
		};
		3ABA6C2928C60440005AA8E4 /* Release */ = {
			isa = XCBuildConfiguration;
			buildSettings = {
				ALWAYS_SEARCH_USER_PATHS = NO;
				CLANG_ANALYZER_LOCALIZABILITY_NONLOCALIZED = YES;
				CLANG_ANALYZER_NONNULL = YES;
				CLANG_ANALYZER_NUMBER_OBJECT_CONVERSION = YES_AGGRESSIVE;
				CLANG_CXX_LANGUAGE_STANDARD = "gnu++20";
				CLANG_ENABLE_MODULES = YES;
				CLANG_ENABLE_OBJC_ARC = YES;
				CLANG_ENABLE_OBJC_WEAK = YES;
				CLANG_WARN_BLOCK_CAPTURE_AUTORELEASING = YES;
				CLANG_WARN_BOOL_CONVERSION = YES;
				CLANG_WARN_COMMA = YES;
				CLANG_WARN_CONSTANT_CONVERSION = YES;
				CLANG_WARN_DEPRECATED_OBJC_IMPLEMENTATIONS = YES;
				CLANG_WARN_DIRECT_OBJC_ISA_USAGE = YES_ERROR;
				CLANG_WARN_DOCUMENTATION_COMMENTS = YES;
				CLANG_WARN_EMPTY_BODY = YES;
				CLANG_WARN_ENUM_CONVERSION = YES;
				CLANG_WARN_INFINITE_RECURSION = YES;
				CLANG_WARN_INT_CONVERSION = YES;
				CLANG_WARN_NON_LITERAL_NULL_CONVERSION = YES;
				CLANG_WARN_OBJC_IMPLICIT_RETAIN_SELF = YES;
				CLANG_WARN_OBJC_LITERAL_CONVERSION = YES;
				CLANG_WARN_OBJC_ROOT_CLASS = YES_ERROR;
				CLANG_WARN_QUOTED_INCLUDE_IN_FRAMEWORK_HEADER = YES;
				CLANG_WARN_RANGE_LOOP_ANALYSIS = YES;
				CLANG_WARN_STRICT_PROTOTYPES = YES;
				CLANG_WARN_SUSPICIOUS_MOVE = YES;
				CLANG_WARN_UNGUARDED_AVAILABILITY = YES_AGGRESSIVE;
				CLANG_WARN_UNREACHABLE_CODE = YES;
				CLANG_WARN__DUPLICATE_METHOD_MATCH = YES;
				COPY_PHASE_STRIP = NO;
				DEBUG_INFORMATION_FORMAT = "dwarf-with-dsym";
				ENABLE_NS_ASSERTIONS = NO;
				ENABLE_STRICT_OBJC_MSGSEND = YES;
				GCC_C_LANGUAGE_STANDARD = gnu11;
				GCC_NO_COMMON_BLOCKS = YES;
				GCC_WARN_64_TO_32_BIT_CONVERSION = YES;
				GCC_WARN_ABOUT_RETURN_TYPE = YES_ERROR;
				GCC_WARN_UNDECLARED_SELECTOR = YES;
				GCC_WARN_UNINITIALIZED_AUTOS = YES_AGGRESSIVE;
				GCC_WARN_UNUSED_FUNCTION = YES;
				GCC_WARN_UNUSED_VARIABLE = YES;
				IPHONEOS_DEPLOYMENT_TARGET = 16.0;
				MTL_ENABLE_DEBUG_INFO = NO;
				MTL_FAST_MATH = YES;
				ONLY_ACTIVE_ARCH = NO;
				SDKROOT = iphoneos;
				SWIFT_COMPILATION_MODE = wholemodule;
				SWIFT_OPTIMIZATION_LEVEL = "-O";
				VALIDATE_PRODUCT = YES;
			};
			name = Release;
		};
		3ABA6C2B28C60440005AA8E4 /* Debug */ = {
			isa = XCBuildConfiguration;
			buildSettings = {
				ALWAYS_EMBED_SWIFT_STANDARD_LIBRARIES = YES;
				ASSETCATALOG_COMPILER_APPICON_NAME = AppIcon;
				ASSETCATALOG_COMPILER_GLOBAL_ACCENT_COLOR_NAME = AccentColor;
				CODE_SIGN_ENTITLEMENTS = QuickGet/QuickGet.entitlements;
				CODE_SIGN_STYLE = Automatic;
				CURRENT_PROJECT_VERSION = 1;
				DEVELOPMENT_TEAM = ZH5GA3W8UP;
				GENERATE_INFOPLIST_FILE = YES;
				INFOPLIST_FILE = QuickGet/Info.plist;
				INFOPLIST_KEY_CFBundleDisplayName = "코코아젯";
				INFOPLIST_KEY_LSApplicationCategoryType = "public.app-category.photography";
				INFOPLIST_KEY_NSPhotoLibraryAddUsageDescription = "사진을 저장하기 위해 라이브러리 접근권한을 요청합니다.";
				INFOPLIST_KEY_NSPhotoLibraryUsageDescription = "사진을 편집하기 위해 라이브러리 접근권한을 요청합니다.";
				INFOPLIST_KEY_UIApplicationSupportsIndirectInputEvents = YES;
				INFOPLIST_KEY_UILaunchStoryboardName = LaunchScreen;
				INFOPLIST_KEY_UIStatusBarStyle = UIStatusBarStyleDarkContent;
				INFOPLIST_KEY_UISupportedInterfaceOrientations_iPad = "UIInterfaceOrientationLandscapeLeft UIInterfaceOrientationLandscapeRight UIInterfaceOrientationPortrait UIInterfaceOrientationPortraitUpsideDown";
				INFOPLIST_KEY_UIUserInterfaceStyle = Dark;
				IPHONEOS_DEPLOYMENT_TARGET = 16.0;
				LD_RUNPATH_SEARCH_PATHS = (
					"$(inherited)",
					"@executable_path/Frameworks",
				);
				MARKETING_VERSION = 1.0;
				PRODUCT_BUNDLE_IDENTIFIER = com.heon.quickget;
				PRODUCT_NAME = "$(TARGET_NAME)";
				SWIFT_EMIT_LOC_STRINGS = YES;
				SWIFT_VERSION = 5.0;
				TARGETED_DEVICE_FAMILY = "1,2";
			};
			name = Debug;
		};
		3ABA6C2C28C60440005AA8E4 /* Release */ = {
			isa = XCBuildConfiguration;
			buildSettings = {
				ALWAYS_EMBED_SWIFT_STANDARD_LIBRARIES = YES;
				ASSETCATALOG_COMPILER_APPICON_NAME = AppIcon;
				ASSETCATALOG_COMPILER_GLOBAL_ACCENT_COLOR_NAME = AccentColor;
				CODE_SIGN_ENTITLEMENTS = QuickGet/QuickGet.entitlements;
				CODE_SIGN_STYLE = Automatic;
				CURRENT_PROJECT_VERSION = 1;
				DEVELOPMENT_TEAM = ZH5GA3W8UP;
				GENERATE_INFOPLIST_FILE = YES;
				INFOPLIST_FILE = QuickGet/Info.plist;
				INFOPLIST_KEY_CFBundleDisplayName = "코코아젯";
				INFOPLIST_KEY_LSApplicationCategoryType = "public.app-category.photography";
				INFOPLIST_KEY_NSPhotoLibraryAddUsageDescription = "사진을 저장하기 위해 라이브러리 접근권한을 요청합니다.";
				INFOPLIST_KEY_NSPhotoLibraryUsageDescription = "사진을 편집하기 위해 라이브러리 접근권한을 요청합니다.";
				INFOPLIST_KEY_UIApplicationSupportsIndirectInputEvents = YES;
				INFOPLIST_KEY_UILaunchStoryboardName = LaunchScreen;
				INFOPLIST_KEY_UIStatusBarStyle = UIStatusBarStyleDarkContent;
				INFOPLIST_KEY_UISupportedInterfaceOrientations_iPad = "UIInterfaceOrientationLandscapeLeft UIInterfaceOrientationLandscapeRight UIInterfaceOrientationPortrait UIInterfaceOrientationPortraitUpsideDown";
				INFOPLIST_KEY_UIUserInterfaceStyle = Dark;
				IPHONEOS_DEPLOYMENT_TARGET = 16.0;
				LD_RUNPATH_SEARCH_PATHS = (
					"$(inherited)",
					"@executable_path/Frameworks",
				);
				MARKETING_VERSION = 1.0;
				PRODUCT_BUNDLE_IDENTIFIER = com.heon.quickget;
				PRODUCT_NAME = "$(TARGET_NAME)";
				SWIFT_EMIT_LOC_STRINGS = YES;
				SWIFT_VERSION = 5.0;
				TARGETED_DEVICE_FAMILY = "1,2";
			};
			name = Release;
		};
		3AF9F01128ED570E00F685E6 /* Debug */ = {
			isa = XCBuildConfiguration;
			buildSettings = {
				ASSETCATALOG_COMPILER_GLOBAL_ACCENT_COLOR_NAME = AccentColor;
				ASSETCATALOG_COMPILER_WIDGET_BACKGROUND_COLOR_NAME = WidgetBackground;
				CODE_SIGN_ENTITLEMENTS = LockScreenWidgetExtension.entitlements;
				CODE_SIGN_STYLE = Automatic;
				CURRENT_PROJECT_VERSION = 1;
				DEVELOPMENT_TEAM = ZH5GA3W8UP;
				GENERATE_INFOPLIST_FILE = YES;
				INFOPLIST_FILE = LockScreenWidget/Info.plist;
				INFOPLIST_KEY_CFBundleDisplayName = LockScreenWidget;
				INFOPLIST_KEY_NSHumanReadableCopyright = "";
				IPHONEOS_DEPLOYMENT_TARGET = 16.0;
				LD_RUNPATH_SEARCH_PATHS = (
					"$(inherited)",
					"@executable_path/Frameworks",
					"@executable_path/../../Frameworks",
				);
				MARKETING_VERSION = 1.0;
				PRODUCT_BUNDLE_IDENTIFIER = com.heon.quickget.LockScreenWidget;
				PRODUCT_NAME = "$(TARGET_NAME)";
				SKIP_INSTALL = YES;
				SWIFT_EMIT_LOC_STRINGS = YES;
				SWIFT_VERSION = 5.0;
				TARGETED_DEVICE_FAMILY = "1,2";
			};
			name = Debug;
		};
		3AF9F01228ED570E00F685E6 /* Release */ = {
			isa = XCBuildConfiguration;
			buildSettings = {
				ASSETCATALOG_COMPILER_GLOBAL_ACCENT_COLOR_NAME = AccentColor;
				ASSETCATALOG_COMPILER_WIDGET_BACKGROUND_COLOR_NAME = WidgetBackground;
				CODE_SIGN_ENTITLEMENTS = LockScreenWidgetExtension.entitlements;
				CODE_SIGN_STYLE = Automatic;
				CURRENT_PROJECT_VERSION = 1;
				DEVELOPMENT_TEAM = ZH5GA3W8UP;
				GENERATE_INFOPLIST_FILE = YES;
				INFOPLIST_FILE = LockScreenWidget/Info.plist;
				INFOPLIST_KEY_CFBundleDisplayName = LockScreenWidget;
				INFOPLIST_KEY_NSHumanReadableCopyright = "";
				IPHONEOS_DEPLOYMENT_TARGET = 16.0;
				LD_RUNPATH_SEARCH_PATHS = (
					"$(inherited)",
					"@executable_path/Frameworks",
					"@executable_path/../../Frameworks",
				);
				MARKETING_VERSION = 1.0;
				PRODUCT_BUNDLE_IDENTIFIER = com.heon.quickget.LockScreenWidget;
				PRODUCT_NAME = "$(TARGET_NAME)";
				SKIP_INSTALL = YES;
				SWIFT_EMIT_LOC_STRINGS = YES;
				SWIFT_VERSION = 5.0;
				TARGETED_DEVICE_FAMILY = "1,2";
			};
			name = Release;
		};
/* End XCBuildConfiguration section */

/* Begin XCConfigurationList section */
		3A3C119C28EDB4B800C9CCED /* Build configuration list for PBXNativeTarget "LockScreenIntentsExtension" */ = {
			isa = XCConfigurationList;
			buildConfigurations = (
				3A3C119D28EDB4B800C9CCED /* Debug */,
				3A3C119E28EDB4B800C9CCED /* Release */,
			);
			defaultConfigurationIsVisible = 0;
			defaultConfigurationName = Release;
		};
		3ABA6C0E28C6043F005AA8E4 /* Build configuration list for PBXProject "QuickGet" */ = {
			isa = XCConfigurationList;
			buildConfigurations = (
				3ABA6C2828C60440005AA8E4 /* Debug */,
				3ABA6C2928C60440005AA8E4 /* Release */,
			);
			defaultConfigurationIsVisible = 0;
			defaultConfigurationName = Release;
		};
		3ABA6C2A28C60440005AA8E4 /* Build configuration list for PBXNativeTarget "QuickGet" */ = {
			isa = XCConfigurationList;
			buildConfigurations = (
				3ABA6C2B28C60440005AA8E4 /* Debug */,
				3ABA6C2C28C60440005AA8E4 /* Release */,
			);
			defaultConfigurationIsVisible = 0;
			defaultConfigurationName = Release;
		};
		3AF9F01028ED570E00F685E6 /* Build configuration list for PBXNativeTarget "LockScreenWidgetExtension" */ = {
			isa = XCConfigurationList;
			buildConfigurations = (
				3AF9F01128ED570E00F685E6 /* Debug */,
				3AF9F01228ED570E00F685E6 /* Release */,
			);
			defaultConfigurationIsVisible = 0;
			defaultConfigurationName = Release;
		};
/* End XCConfigurationList section */

/* Begin XCRemoteSwiftPackageReference section */
		3A668E86294990A100BD7A4C /* XCRemoteSwiftPackageReference "lottie-ios" */ = {
			isa = XCRemoteSwiftPackageReference;
			repositoryURL = "https://github.com/airbnb/lottie-ios.git";
			requirement = {
				kind = upToNextMinorVersion;
				minimumVersion = 4.0.0;
			};
		};
/* End XCRemoteSwiftPackageReference section */

/* Begin XCSwiftPackageProductDependency section */
		3A668E87294990A100BD7A4C /* Lottie */ = {
			isa = XCSwiftPackageProductDependency;
			package = 3A668E86294990A100BD7A4C /* XCRemoteSwiftPackageReference "lottie-ios" */;
			productName = Lottie;
		};
/* End XCSwiftPackageProductDependency section */

/* Begin XCVersionGroup section */
		3AE9DC0B28F8F87B008A3316 /* QuickGet.xcdatamodeld */ = {
			isa = XCVersionGroup;
			children = (
				3AE9DC0C28F8F87B008A3316 /* WidgetModel.xcdatamodel */,
			);
			currentVersion = 3AE9DC0C28F8F87B008A3316 /* WidgetModel.xcdatamodel */;
			path = QuickGet.xcdatamodeld;
			sourceTree = "<group>";
			versionGroupType = wrapper.xcdatamodel;
		};
/* End XCVersionGroup section */
	};
	rootObject = 3ABA6C0B28C6043F005AA8E4 /* Project object */;
}
